
Microsoft Visual Studio Solution File, Format Version 12.00
# Visual Studio Version 16
VisualStudioVersion = 16.0.31613.86
MinimumVisualStudioVersion = 10.0.40219.1
Project("{9A19103F-16F7-4668-BE54-9A1E7A4F7556}") = "01.BirthdayCelebration", "01.BirthdayCelebration\01.BirthdayCelebration.csproj", "{2C607398-2D07-49A8-A286-CE90159C1BA4}"
EndProject
Project("{9A19103F-16F7-4668-BE54-9A1E7A4F7556}") = "02.Survivor", "02.Survivor\02.Survivor.csproj", "{37852E2D-73B0-433F-8C54-C9EA9BA6D00B}"
EndProject
Global
	GlobalSection(SolutionConfigurationPlatforms) = preSolution
		Debug|Any CPU = Debug|Any CPU
		Release|Any CPU = Release|Any CPU
	EndGlobalSection
	GlobalSection(ProjectConfigurationPlatforms) = postSolution
		{2C607398-2D07-49A8-A286-CE90159C1BA4}.Debug|Any CPU.ActiveCfg = Debug|Any CPU
		{2C607398-2D07-49A8-A286-CE90159C1BA4}.Debug|Any CPU.Build.0 = Debug|Any CPU
		{2C607398-2D07-49A8-A286-CE90159C1BA4}.Release|Any CPU.ActiveCfg = Release|Any CPU
		{2C607398-2D07-49A8-A286-CE90159C1BA4}.Release|Any CPU.Build.0 = Release|Any CPU
		{37852E2D-73B0-433F-8C54-C9EA9BA6D00B}.Debug|Any CPU.ActiveCfg = Debug|Any CPU
		{37852E2D-73B0-433F-8C54-C9EA9BA6D00B}.Debug|Any CPU.Build.0 = Debug|Any CPU
		{37852E2D-73B0-433F-8C54-C9EA9BA6D00B}.Release|Any CPU.ActiveCfg = Release|Any CPU
		{37852E2D-73B0-433F-8C54-C9EA9BA6D00B}.Release|Any CPU.Build.0 = Release|Any CPU
	EndGlobalSection
	GlobalSection(SolutionProperties) = preSolution
		HideSolutionNode = FALSE
	EndGlobalSection
	GlobalSection(ExtensibilityGlobals) = postSolution
		SolutionGuid = {67B765D7-A269-42EA-A40E-E9AF077E2330}
	EndGlobalSection
EndGlobal
