
Microsoft Visual Studio Solution File, Format Version 12.00
# Visual Studio Version 16
VisualStudioVersion = 16.0.31729.503
MinimumVisualStudioVersion = 10.0.40219.1
Project("{FAE04EC0-301F-11D3-BF4B-00C04F79EFBC}") = "Vehicles", "Vehicles\Vehicles.csproj", "{9659CB69-68AF-4AF6-BF8B-7EE5A2759967}"
EndProject
Project("{FAE04EC0-301F-11D3-BF4B-00C04F79EFBC}") = "Raiding", "Raiding\Raiding.csproj", "{C55671DA-0B23-41DE-BA93-6F7451EF871E}"
EndProject
Project("{FAE04EC0-301F-11D3-BF4B-00C04F79EFBC}") = "WildFarm", "WildFarm\WildFarm.csproj", "{A2AF1624-9EBF-4315-8FD8-47F5DC2CB067}"
EndProject
Global
	GlobalSection(SolutionConfigurationPlatforms) = preSolution
		Debug|Any CPU = Debug|Any CPU
		Release|Any CPU = Release|Any CPU
	EndGlobalSection
	GlobalSection(ProjectConfigurationPlatforms) = postSolution
		{9659CB69-68AF-4AF6-BF8B-7EE5A2759967}.Debug|Any CPU.ActiveCfg = Debug|Any CPU
		{9659CB69-68AF-4AF6-BF8B-7EE5A2759967}.Debug|Any CPU.Build.0 = Debug|Any CPU
		{9659CB69-68AF-4AF6-BF8B-7EE5A2759967}.Release|Any CPU.ActiveCfg = Release|Any CPU
		{9659CB69-68AF-4AF6-BF8B-7EE5A2759967}.Release|Any CPU.Build.0 = Release|Any CPU
		{C55671DA-0B23-41DE-BA93-6F7451EF871E}.Debug|Any CPU.ActiveCfg = Debug|Any CPU
		{C55671DA-0B23-41DE-BA93-6F7451EF871E}.Debug|Any CPU.Build.0 = Debug|Any CPU
		{C55671DA-0B23-41DE-BA93-6F7451EF871E}.Release|Any CPU.ActiveCfg = Release|Any CPU
		{C55671DA-0B23-41DE-BA93-6F7451EF871E}.Release|Any CPU.Build.0 = Release|Any CPU
		{A2AF1624-9EBF-4315-8FD8-47F5DC2CB067}.Debug|Any CPU.ActiveCfg = Debug|Any CPU
		{A2AF1624-9EBF-4315-8FD8-47F5DC2CB067}.Debug|Any CPU.Build.0 = Debug|Any CPU
		{A2AF1624-9EBF-4315-8FD8-47F5DC2CB067}.Release|Any CPU.ActiveCfg = Release|Any CPU
		{A2AF1624-9EBF-4315-8FD8-47F5DC2CB067}.Release|Any CPU.Build.0 = Release|Any CPU
	EndGlobalSection
	GlobalSection(SolutionProperties) = preSolution
		HideSolutionNode = FALSE
	EndGlobalSection
	GlobalSection(ExtensibilityGlobals) = postSolution
		SolutionGuid = {FEDF9A35-21B8-4521-920A-315A3C9D4C79}
	EndGlobalSection
EndGlobal
