
Microsoft Visual Studio Solution File, Format Version 12.00
# Visual Studio Version 17
VisualStudioVersion = 17.2.32616.157
MinimumVisualStudioVersion = 10.0.40219.1
Project("{FAE04EC0-301F-11D3-BF4B-00C04F79EFBC}") = "SoftUni", "SoftUni\SoftUni.csproj", "{96F54C7C-889F-4155-8FEF-2C1A2B901C56}"
EndProject
Global
	GlobalSection(SolutionConfigurationPlatforms) = preSolution
		Debug|Any CPU = Debug|Any CPU
		Release|Any CPU = Release|Any CPU
	EndGlobalSection
	GlobalSection(ProjectConfigurationPlatforms) = postSolution
		{96F54C7C-889F-4155-8FEF-2C1A2B901C56}.Debug|Any CPU.ActiveCfg = Debug|Any CPU
		{96F54C7C-889F-4155-8FEF-2C1A2B901C56}.Debug|Any CPU.Build.0 = Debug|Any CPU
		{96F54C7C-889F-4155-8FEF-2C1A2B901C56}.Release|Any CPU.ActiveCfg = Release|Any CPU
		{96F54C7C-889F-4155-8FEF-2C1A2B901C56}.Release|Any CPU.Build.0 = Release|Any CPU
	EndGlobalSection
	GlobalSection(SolutionProperties) = preSolution
		HideSolutionNode = FALSE
	EndGlobalSection
	GlobalSection(ExtensibilityGlobals) = postSolution
		SolutionGuid = {340B3E64-C7BE-4CB6-AC1B-4F9CA7E8A46F}
	EndGlobalSection
EndGlobal
