
Microsoft Visual Studio Solution File, Format Version 12.00
# Visual Studio Version 16
VisualStudioVersion = 16.0.31613.86
MinimumVisualStudioVersion = 10.0.40219.1
Project("{9A19103F-16F7-4668-BE54-9A1E7A4F7556}") = "1.DiagonalDifference", "1.DiagonalDifference\1.DiagonalDifference.csproj", "{B2C30E75-F849-4B07-A830-D0C6162FD03C}"
EndProject
Project("{9A19103F-16F7-4668-BE54-9A1E7A4F7556}") = "2.SquaresInMatrix", "2.SquaresInMatrix\2.SquaresInMatrix.csproj", "{F952D79D-2627-461D-B446-9F6B1387D58E}"
EndProject
Project("{9A19103F-16F7-4668-BE54-9A1E7A4F7556}") = "3.MaximalSum", "3.MaximalSum\3.MaximalSum.csproj", "{2EF622EB-5CE5-4327-A43D-631258452695}"
EndProject
Project("{9A19103F-16F7-4668-BE54-9A1E7A4F7556}") = "4.MatrixShuffling", "4.MatrixShuffling\4.MatrixShuffling.csproj", "{F487A580-DF59-4092-945D-B2F74997399E}"
EndProject
Project("{9A19103F-16F7-4668-BE54-9A1E7A4F7556}") = "5.SnakeMoves", "5.SnakeMoves\5.SnakeMoves.csproj", "{034D04CD-ED77-4C7B-B122-47B738602E02}"
EndProject
Project("{9A19103F-16F7-4668-BE54-9A1E7A4F7556}") = "6.JaggedArrayManipulator", "6.JaggedArrayManipulator\6.JaggedArrayManipulator.csproj", "{CABF630B-75BF-4D1E-BA93-4B453495CF87}"
EndProject
Project("{9A19103F-16F7-4668-BE54-9A1E7A4F7556}") = "7.KnightGame", "7.KnightGame\7.KnightGame.csproj", "{83D6DE5E-0CD5-42A3-80AF-9182A3ACCB9E}"
EndProject
Project("{FAE04EC0-301F-11D3-BF4B-00C04F79EFBC}") = "8.Bombs", "8.Bombs\8.Bombs.csproj", "{D03DCC92-1498-463F-B792-2DEB8B8E95EC}"
EndProject
Project("{FAE04EC0-301F-11D3-BF4B-00C04F79EFBC}") = "9.Miner", "9.Miner\9.Miner.csproj", "{361332DC-D033-41C4-A917-EE3BD8202B60}"
EndProject
Project("{FAE04EC0-301F-11D3-BF4B-00C04F79EFBC}") = "10.RadioactiveMutantVampireBunnies", "10.RadioactiveMutantVampireBunnies\10.RadioactiveMutantVampireBunnies.csproj", "{448D027E-5F70-4321-833B-9118B1B2C356}"
EndProject
Global
	GlobalSection(SolutionConfigurationPlatforms) = preSolution
		Debug|Any CPU = Debug|Any CPU
		Release|Any CPU = Release|Any CPU
	EndGlobalSection
	GlobalSection(ProjectConfigurationPlatforms) = postSolution
		{B2C30E75-F849-4B07-A830-D0C6162FD03C}.Debug|Any CPU.ActiveCfg = Debug|Any CPU
		{B2C30E75-F849-4B07-A830-D0C6162FD03C}.Debug|Any CPU.Build.0 = Debug|Any CPU
		{B2C30E75-F849-4B07-A830-D0C6162FD03C}.Release|Any CPU.ActiveCfg = Release|Any CPU
		{B2C30E75-F849-4B07-A830-D0C6162FD03C}.Release|Any CPU.Build.0 = Release|Any CPU
		{F952D79D-2627-461D-B446-9F6B1387D58E}.Debug|Any CPU.ActiveCfg = Debug|Any CPU
		{F952D79D-2627-461D-B446-9F6B1387D58E}.Debug|Any CPU.Build.0 = Debug|Any CPU
		{F952D79D-2627-461D-B446-9F6B1387D58E}.Release|Any CPU.ActiveCfg = Release|Any CPU
		{F952D79D-2627-461D-B446-9F6B1387D58E}.Release|Any CPU.Build.0 = Release|Any CPU
		{2EF622EB-5CE5-4327-A43D-631258452695}.Debug|Any CPU.ActiveCfg = Debug|Any CPU
		{2EF622EB-5CE5-4327-A43D-631258452695}.Debug|Any CPU.Build.0 = Debug|Any CPU
		{2EF622EB-5CE5-4327-A43D-631258452695}.Release|Any CPU.ActiveCfg = Release|Any CPU
		{2EF622EB-5CE5-4327-A43D-631258452695}.Release|Any CPU.Build.0 = Release|Any CPU
		{F487A580-DF59-4092-945D-B2F74997399E}.Debug|Any CPU.ActiveCfg = Debug|Any CPU
		{F487A580-DF59-4092-945D-B2F74997399E}.Debug|Any CPU.Build.0 = Debug|Any CPU
		{F487A580-DF59-4092-945D-B2F74997399E}.Release|Any CPU.ActiveCfg = Release|Any CPU
		{F487A580-DF59-4092-945D-B2F74997399E}.Release|Any CPU.Build.0 = Release|Any CPU
		{034D04CD-ED77-4C7B-B122-47B738602E02}.Debug|Any CPU.ActiveCfg = Debug|Any CPU
		{034D04CD-ED77-4C7B-B122-47B738602E02}.Debug|Any CPU.Build.0 = Debug|Any CPU
		{034D04CD-ED77-4C7B-B122-47B738602E02}.Release|Any CPU.ActiveCfg = Release|Any CPU
		{034D04CD-ED77-4C7B-B122-47B738602E02}.Release|Any CPU.Build.0 = Release|Any CPU
		{CABF630B-75BF-4D1E-BA93-4B453495CF87}.Debug|Any CPU.ActiveCfg = Debug|Any CPU
		{CABF630B-75BF-4D1E-BA93-4B453495CF87}.Debug|Any CPU.Build.0 = Debug|Any CPU
		{CABF630B-75BF-4D1E-BA93-4B453495CF87}.Release|Any CPU.ActiveCfg = Release|Any CPU
		{CABF630B-75BF-4D1E-BA93-4B453495CF87}.Release|Any CPU.Build.0 = Release|Any CPU
		{83D6DE5E-0CD5-42A3-80AF-9182A3ACCB9E}.Debug|Any CPU.ActiveCfg = Debug|Any CPU
		{83D6DE5E-0CD5-42A3-80AF-9182A3ACCB9E}.Debug|Any CPU.Build.0 = Debug|Any CPU
		{83D6DE5E-0CD5-42A3-80AF-9182A3ACCB9E}.Release|Any CPU.ActiveCfg = Release|Any CPU
		{83D6DE5E-0CD5-42A3-80AF-9182A3ACCB9E}.Release|Any CPU.Build.0 = Release|Any CPU
		{D03DCC92-1498-463F-B792-2DEB8B8E95EC}.Debug|Any CPU.ActiveCfg = Debug|Any CPU
		{D03DCC92-1498-463F-B792-2DEB8B8E95EC}.Debug|Any CPU.Build.0 = Debug|Any CPU
		{D03DCC92-1498-463F-B792-2DEB8B8E95EC}.Release|Any CPU.ActiveCfg = Release|Any CPU
		{D03DCC92-1498-463F-B792-2DEB8B8E95EC}.Release|Any CPU.Build.0 = Release|Any CPU
		{361332DC-D033-41C4-A917-EE3BD8202B60}.Debug|Any CPU.ActiveCfg = Debug|Any CPU
		{361332DC-D033-41C4-A917-EE3BD8202B60}.Debug|Any CPU.Build.0 = Debug|Any CPU
		{361332DC-D033-41C4-A917-EE3BD8202B60}.Release|Any CPU.ActiveCfg = Release|Any CPU
		{361332DC-D033-41C4-A917-EE3BD8202B60}.Release|Any CPU.Build.0 = Release|Any CPU
		{448D027E-5F70-4321-833B-9118B1B2C356}.Debug|Any CPU.ActiveCfg = Debug|Any CPU
		{448D027E-5F70-4321-833B-9118B1B2C356}.Debug|Any CPU.Build.0 = Debug|Any CPU
		{448D027E-5F70-4321-833B-9118B1B2C356}.Release|Any CPU.ActiveCfg = Release|Any CPU
		{448D027E-5F70-4321-833B-9118B1B2C356}.Release|Any CPU.Build.0 = Release|Any CPU
	EndGlobalSection
	GlobalSection(SolutionProperties) = preSolution
		HideSolutionNode = FALSE
	EndGlobalSection
	GlobalSection(ExtensibilityGlobals) = postSolution
		SolutionGuid = {1EE37932-52EB-40A6-BEE4-1BA7E8D07C75}
	EndGlobalSection
EndGlobal
