
Microsoft Visual Studio Solution File, Format Version 12.00
# Visual Studio Version 16
VisualStudioVersion = 16.0.31129.286
MinimumVisualStudioVersion = 10.0.40219.1
Project("{9A19103F-16F7-4668-BE54-9A1E7A4F7556}") = "01.CountCharsInAString", "01.CountCharsInAString\01.CountCharsInAString.csproj", "{109E13B7-4E14-4C35-A152-06698CFB89DB}"
EndProject
Project("{9A19103F-16F7-4668-BE54-9A1E7A4F7556}") = "02. aMinerTask", "02. aMinerTask\02. aMinerTask.csproj", "{F1EB08B8-FED8-4234-B224-611A0620A019}"
EndProject
Project("{9A19103F-16F7-4668-BE54-9A1E7A4F7556}") = "03.LegendaryFarming", "03.LegendaryFarming\03.LegendaryFarming.csproj", "{59043611-F9BE-470A-B1A9-E904160C7505}"
EndProject
Project("{9A19103F-16F7-4668-BE54-9A1E7A4F7556}") = "04.Orders", "04.Orders\04.Orders.csproj", "{B8B58624-857B-46B7-988E-D2E4AA273A16}"
EndProject
Project("{9A19103F-16F7-4668-BE54-9A1E7A4F7556}") = "05.SoftUniParking", "05.SoftUniParking\05.SoftUniParking.csproj", "{E70C7885-412C-4518-B8B7-DCCA2728728D}"
EndProject
Project("{9A19103F-16F7-4668-BE54-9A1E7A4F7556}") = "06.Courses", "06.Courses\06.Courses.csproj", "{183DB886-B201-426D-9D30-397921C98CFC}"
EndProject
Project("{9A19103F-16F7-4668-BE54-9A1E7A4F7556}") = "07.StudentAcademy", "07.StudentAcademy\07.StudentAcademy.csproj", "{BC4E29D6-CA7D-44A4-B9FD-9850C18D316E}"
EndProject
Project("{FAE04EC0-301F-11D3-BF4B-00C04F79EFBC}") = "08.CompanyUsers", "08.CompanyUsers\08.CompanyUsers.csproj", "{51FB8170-9A66-44E9-905A-65B39E288E36}"
EndProject
Project("{FAE04EC0-301F-11D3-BF4B-00C04F79EFBC}") = "09.ForceBook", "09.ForceBook\09.ForceBook.csproj", "{86B3A376-65F1-4A64-9921-676E10BC6F55}"
EndProject
Global
	GlobalSection(SolutionConfigurationPlatforms) = preSolution
		Debug|Any CPU = Debug|Any CPU
		Release|Any CPU = Release|Any CPU
	EndGlobalSection
	GlobalSection(ProjectConfigurationPlatforms) = postSolution
		{109E13B7-4E14-4C35-A152-06698CFB89DB}.Debug|Any CPU.ActiveCfg = Debug|Any CPU
		{109E13B7-4E14-4C35-A152-06698CFB89DB}.Debug|Any CPU.Build.0 = Debug|Any CPU
		{109E13B7-4E14-4C35-A152-06698CFB89DB}.Release|Any CPU.ActiveCfg = Release|Any CPU
		{109E13B7-4E14-4C35-A152-06698CFB89DB}.Release|Any CPU.Build.0 = Release|Any CPU
		{F1EB08B8-FED8-4234-B224-611A0620A019}.Debug|Any CPU.ActiveCfg = Debug|Any CPU
		{F1EB08B8-FED8-4234-B224-611A0620A019}.Debug|Any CPU.Build.0 = Debug|Any CPU
		{F1EB08B8-FED8-4234-B224-611A0620A019}.Release|Any CPU.ActiveCfg = Release|Any CPU
		{F1EB08B8-FED8-4234-B224-611A0620A019}.Release|Any CPU.Build.0 = Release|Any CPU
		{59043611-F9BE-470A-B1A9-E904160C7505}.Debug|Any CPU.ActiveCfg = Debug|Any CPU
		{59043611-F9BE-470A-B1A9-E904160C7505}.Debug|Any CPU.Build.0 = Debug|Any CPU
		{59043611-F9BE-470A-B1A9-E904160C7505}.Release|Any CPU.ActiveCfg = Release|Any CPU
		{59043611-F9BE-470A-B1A9-E904160C7505}.Release|Any CPU.Build.0 = Release|Any CPU
		{B8B58624-857B-46B7-988E-D2E4AA273A16}.Debug|Any CPU.ActiveCfg = Debug|Any CPU
		{B8B58624-857B-46B7-988E-D2E4AA273A16}.Debug|Any CPU.Build.0 = Debug|Any CPU
		{B8B58624-857B-46B7-988E-D2E4AA273A16}.Release|Any CPU.ActiveCfg = Release|Any CPU
		{B8B58624-857B-46B7-988E-D2E4AA273A16}.Release|Any CPU.Build.0 = Release|Any CPU
		{E70C7885-412C-4518-B8B7-DCCA2728728D}.Debug|Any CPU.ActiveCfg = Debug|Any CPU
		{E70C7885-412C-4518-B8B7-DCCA2728728D}.Debug|Any CPU.Build.0 = Debug|Any CPU
		{E70C7885-412C-4518-B8B7-DCCA2728728D}.Release|Any CPU.ActiveCfg = Release|Any CPU
		{E70C7885-412C-4518-B8B7-DCCA2728728D}.Release|Any CPU.Build.0 = Release|Any CPU
		{183DB886-B201-426D-9D30-397921C98CFC}.Debug|Any CPU.ActiveCfg = Debug|Any CPU
		{183DB886-B201-426D-9D30-397921C98CFC}.Debug|Any CPU.Build.0 = Debug|Any CPU
		{183DB886-B201-426D-9D30-397921C98CFC}.Release|Any CPU.ActiveCfg = Release|Any CPU
		{183DB886-B201-426D-9D30-397921C98CFC}.Release|Any CPU.Build.0 = Release|Any CPU
		{BC4E29D6-CA7D-44A4-B9FD-9850C18D316E}.Debug|Any CPU.ActiveCfg = Debug|Any CPU
		{BC4E29D6-CA7D-44A4-B9FD-9850C18D316E}.Debug|Any CPU.Build.0 = Debug|Any CPU
		{BC4E29D6-CA7D-44A4-B9FD-9850C18D316E}.Release|Any CPU.ActiveCfg = Release|Any CPU
		{BC4E29D6-CA7D-44A4-B9FD-9850C18D316E}.Release|Any CPU.Build.0 = Release|Any CPU
		{51FB8170-9A66-44E9-905A-65B39E288E36}.Debug|Any CPU.ActiveCfg = Debug|Any CPU
		{51FB8170-9A66-44E9-905A-65B39E288E36}.Debug|Any CPU.Build.0 = Debug|Any CPU
		{51FB8170-9A66-44E9-905A-65B39E288E36}.Release|Any CPU.ActiveCfg = Release|Any CPU
		{51FB8170-9A66-44E9-905A-65B39E288E36}.Release|Any CPU.Build.0 = Release|Any CPU
		{86B3A376-65F1-4A64-9921-676E10BC6F55}.Debug|Any CPU.ActiveCfg = Debug|Any CPU
		{86B3A376-65F1-4A64-9921-676E10BC6F55}.Debug|Any CPU.Build.0 = Debug|Any CPU
		{86B3A376-65F1-4A64-9921-676E10BC6F55}.Release|Any CPU.ActiveCfg = Release|Any CPU
		{86B3A376-65F1-4A64-9921-676E10BC6F55}.Release|Any CPU.Build.0 = Release|Any CPU
	EndGlobalSection
	GlobalSection(SolutionProperties) = preSolution
		HideSolutionNode = FALSE
	EndGlobalSection
	GlobalSection(ExtensibilityGlobals) = postSolution
		SolutionGuid = {CB60D5EA-9439-4B8C-A640-610F56C88652}
	EndGlobalSection
EndGlobal
