
Microsoft Visual Studio Solution File, Format Version 12.00
# Visual Studio Version 16
VisualStudioVersion = 16.0.31729.503
MinimumVisualStudioVersion = 10.0.40219.1
Project("{9A19103F-16F7-4668-BE54-9A1E7A4F7556}") = "01.TheFightForGondor", "01.TheFightForGondor\01.TheFightForGondor.csproj", "{BBBF0C11-339D-4895-B084-1855841315EF}"
EndProject
Project("{FAE04EC0-301F-11D3-BF4B-00C04F79EFBC}") = "02.Warships", "02.Warships\02.Warships.csproj", "{67E9C9AC-09F8-4D96-BEC4-3EBCA1B003EB}"
EndProject
Project("{9A19103F-16F7-4668-BE54-9A1E7A4F7556}") = "TheRace", "The Race - skeleton\TheRace.csproj", "{C2DC0CB5-1B4D-4F0A-891C-9B6B5CA84CDC}"
EndProject
Global
	GlobalSection(SolutionConfigurationPlatforms) = preSolution
		Debug|Any CPU = Debug|Any CPU
		Release|Any CPU = Release|Any CPU
	EndGlobalSection
	GlobalSection(ProjectConfigurationPlatforms) = postSolution
		{BBBF0C11-339D-4895-B084-1855841315EF}.Debug|Any CPU.ActiveCfg = Debug|Any CPU
		{BBBF0C11-339D-4895-B084-1855841315EF}.Debug|Any CPU.Build.0 = Debug|Any CPU
		{BBBF0C11-339D-4895-B084-1855841315EF}.Release|Any CPU.ActiveCfg = Release|Any CPU
		{BBBF0C11-339D-4895-B084-1855841315EF}.Release|Any CPU.Build.0 = Release|Any CPU
		{67E9C9AC-09F8-4D96-BEC4-3EBCA1B003EB}.Debug|Any CPU.ActiveCfg = Debug|Any CPU
		{67E9C9AC-09F8-4D96-BEC4-3EBCA1B003EB}.Debug|Any CPU.Build.0 = Debug|Any CPU
		{67E9C9AC-09F8-4D96-BEC4-3EBCA1B003EB}.Release|Any CPU.ActiveCfg = Release|Any CPU
		{67E9C9AC-09F8-4D96-BEC4-3EBCA1B003EB}.Release|Any CPU.Build.0 = Release|Any CPU
		{C2DC0CB5-1B4D-4F0A-891C-9B6B5CA84CDC}.Debug|Any CPU.ActiveCfg = Debug|Any CPU
		{C2DC0CB5-1B4D-4F0A-891C-9B6B5CA84CDC}.Debug|Any CPU.Build.0 = Debug|Any CPU
		{C2DC0CB5-1B4D-4F0A-891C-9B6B5CA84CDC}.Release|Any CPU.ActiveCfg = Release|Any CPU
		{C2DC0CB5-1B4D-4F0A-891C-9B6B5CA84CDC}.Release|Any CPU.Build.0 = Release|Any CPU
	EndGlobalSection
	GlobalSection(SolutionProperties) = preSolution
		HideSolutionNode = FALSE
	EndGlobalSection
	GlobalSection(ExtensibilityGlobals) = postSolution
		SolutionGuid = {A6E967A8-3680-4A24-AEF2-3BD7FC11763F}
	EndGlobalSection
EndGlobal
