
Microsoft Visual Studio Solution File, Format Version 12.00
# Visual Studio Version 16
VisualStudioVersion = 16.0.31613.86
MinimumVisualStudioVersion = 10.0.40219.1
Project("{9A19103F-16F7-4668-BE54-9A1E7A4F7556}") = "01.ActionPrint", "01.ActionPrint\01.ActionPrint.csproj", "{7636C572-5974-4D18-98A6-DA2AF9F28771}"
EndProject
Project("{FAE04EC0-301F-11D3-BF4B-00C04F79EFBC}") = "02.KnightsOfHonor", "02.KnightsOfHonor\02.KnightsOfHonor.csproj", "{C5269CE6-4B62-4BBF-829E-AF82B38DC86F}"
EndProject
Project("{FAE04EC0-301F-11D3-BF4B-00C04F79EFBC}") = "03.CustomMinFunction", "03.CustomMinFunction\03.CustomMinFunction.csproj", "{07124C88-36FF-485C-84E7-A6F82689E172}"
EndProject
Project("{FAE04EC0-301F-11D3-BF4B-00C04F79EFBC}") = "04.FindEvensOrOdds", "04.FindEvensOrOdds\04.FindEvensOrOdds.csproj", "{8A0FBE13-EF06-471B-9514-7EFC0EC85340}"
EndProject
Project("{FAE04EC0-301F-11D3-BF4B-00C04F79EFBC}") = "05.AppliedArithmetics", "05.AppliedArithmetics\05.AppliedArithmetics.csproj", "{241B5357-1720-4056-98AD-98FC10A64988}"
EndProject
Project("{FAE04EC0-301F-11D3-BF4B-00C04F79EFBC}") = "06.ReverseAndExclude", "06.ReverseAndExclude\06.ReverseAndExclude.csproj", "{6C41485E-3639-4496-811E-BAFEA4AB8117}"
EndProject
Project("{FAE04EC0-301F-11D3-BF4B-00C04F79EFBC}") = "07.PredicateForNames", "07.PredicateForNames\07.PredicateForNames.csproj", "{BD571C45-572B-4F3E-8C77-3C87E40F2119}"
EndProject
Project("{FAE04EC0-301F-11D3-BF4B-00C04F79EFBC}") = "09.ListOfPredicates", "09.ListOfPredicates\09.ListOfPredicates.csproj", "{AED64D55-48B7-4530-BE5B-C9C683958DE5}"
EndProject
Project("{FAE04EC0-301F-11D3-BF4B-00C04F79EFBC}") = "8.CustomComparator", "8.CustomComparator\8.CustomComparator.csproj", "{887FADBB-8821-4FBB-B21D-656A424CBC0D}"
EndProject
Project("{FAE04EC0-301F-11D3-BF4B-00C04F79EFBC}") = "10.PredicateParty!", "10.PredicateParty!\10.PredicateParty!.csproj", "{CC3B0D53-18EC-45DE-A365-F01A2B08DA2A}"
EndProject
Project("{FAE04EC0-301F-11D3-BF4B-00C04F79EFBC}") = "11.ThePartyReservationFilterModule", "11.ThePartyReservationFilterModule\11.ThePartyReservationFilterModule.csproj", "{815AC6FE-277A-473B-BC84-543718B1E5C9}"
EndProject
Project("{FAE04EC0-301F-11D3-BF4B-00C04F79EFBC}") = "12.TriFunction", "12.TriFunction\12.TriFunction.csproj", "{48392B9E-EE4D-4DF7-9B85-D05ECA362929}"
EndProject
Global
	GlobalSection(SolutionConfigurationPlatforms) = preSolution
		Debug|Any CPU = Debug|Any CPU
		Release|Any CPU = Release|Any CPU
	EndGlobalSection
	GlobalSection(ProjectConfigurationPlatforms) = postSolution
		{7636C572-5974-4D18-98A6-DA2AF9F28771}.Debug|Any CPU.ActiveCfg = Debug|Any CPU
		{7636C572-5974-4D18-98A6-DA2AF9F28771}.Debug|Any CPU.Build.0 = Debug|Any CPU
		{7636C572-5974-4D18-98A6-DA2AF9F28771}.Release|Any CPU.ActiveCfg = Release|Any CPU
		{7636C572-5974-4D18-98A6-DA2AF9F28771}.Release|Any CPU.Build.0 = Release|Any CPU
		{C5269CE6-4B62-4BBF-829E-AF82B38DC86F}.Debug|Any CPU.ActiveCfg = Debug|Any CPU
		{C5269CE6-4B62-4BBF-829E-AF82B38DC86F}.Debug|Any CPU.Build.0 = Debug|Any CPU
		{C5269CE6-4B62-4BBF-829E-AF82B38DC86F}.Release|Any CPU.ActiveCfg = Release|Any CPU
		{C5269CE6-4B62-4BBF-829E-AF82B38DC86F}.Release|Any CPU.Build.0 = Release|Any CPU
		{07124C88-36FF-485C-84E7-A6F82689E172}.Debug|Any CPU.ActiveCfg = Debug|Any CPU
		{07124C88-36FF-485C-84E7-A6F82689E172}.Debug|Any CPU.Build.0 = Debug|Any CPU
		{07124C88-36FF-485C-84E7-A6F82689E172}.Release|Any CPU.ActiveCfg = Release|Any CPU
		{07124C88-36FF-485C-84E7-A6F82689E172}.Release|Any CPU.Build.0 = Release|Any CPU
		{8A0FBE13-EF06-471B-9514-7EFC0EC85340}.Debug|Any CPU.ActiveCfg = Debug|Any CPU
		{8A0FBE13-EF06-471B-9514-7EFC0EC85340}.Debug|Any CPU.Build.0 = Debug|Any CPU
		{8A0FBE13-EF06-471B-9514-7EFC0EC85340}.Release|Any CPU.ActiveCfg = Release|Any CPU
		{8A0FBE13-EF06-471B-9514-7EFC0EC85340}.Release|Any CPU.Build.0 = Release|Any CPU
		{241B5357-1720-4056-98AD-98FC10A64988}.Debug|Any CPU.ActiveCfg = Debug|Any CPU
		{241B5357-1720-4056-98AD-98FC10A64988}.Debug|Any CPU.Build.0 = Debug|Any CPU
		{241B5357-1720-4056-98AD-98FC10A64988}.Release|Any CPU.ActiveCfg = Release|Any CPU
		{241B5357-1720-4056-98AD-98FC10A64988}.Release|Any CPU.Build.0 = Release|Any CPU
		{6C41485E-3639-4496-811E-BAFEA4AB8117}.Debug|Any CPU.ActiveCfg = Debug|Any CPU
		{6C41485E-3639-4496-811E-BAFEA4AB8117}.Debug|Any CPU.Build.0 = Debug|Any CPU
		{6C41485E-3639-4496-811E-BAFEA4AB8117}.Release|Any CPU.ActiveCfg = Release|Any CPU
		{6C41485E-3639-4496-811E-BAFEA4AB8117}.Release|Any CPU.Build.0 = Release|Any CPU
		{BD571C45-572B-4F3E-8C77-3C87E40F2119}.Debug|Any CPU.ActiveCfg = Debug|Any CPU
		{BD571C45-572B-4F3E-8C77-3C87E40F2119}.Debug|Any CPU.Build.0 = Debug|Any CPU
		{BD571C45-572B-4F3E-8C77-3C87E40F2119}.Release|Any CPU.ActiveCfg = Release|Any CPU
		{BD571C45-572B-4F3E-8C77-3C87E40F2119}.Release|Any CPU.Build.0 = Release|Any CPU
		{AED64D55-48B7-4530-BE5B-C9C683958DE5}.Debug|Any CPU.ActiveCfg = Debug|Any CPU
		{AED64D55-48B7-4530-BE5B-C9C683958DE5}.Debug|Any CPU.Build.0 = Debug|Any CPU
		{AED64D55-48B7-4530-BE5B-C9C683958DE5}.Release|Any CPU.ActiveCfg = Release|Any CPU
		{AED64D55-48B7-4530-BE5B-C9C683958DE5}.Release|Any CPU.Build.0 = Release|Any CPU
		{887FADBB-8821-4FBB-B21D-656A424CBC0D}.Debug|Any CPU.ActiveCfg = Debug|Any CPU
		{887FADBB-8821-4FBB-B21D-656A424CBC0D}.Debug|Any CPU.Build.0 = Debug|Any CPU
		{887FADBB-8821-4FBB-B21D-656A424CBC0D}.Release|Any CPU.ActiveCfg = Release|Any CPU
		{887FADBB-8821-4FBB-B21D-656A424CBC0D}.Release|Any CPU.Build.0 = Release|Any CPU
		{CC3B0D53-18EC-45DE-A365-F01A2B08DA2A}.Debug|Any CPU.ActiveCfg = Debug|Any CPU
		{CC3B0D53-18EC-45DE-A365-F01A2B08DA2A}.Debug|Any CPU.Build.0 = Debug|Any CPU
		{CC3B0D53-18EC-45DE-A365-F01A2B08DA2A}.Release|Any CPU.ActiveCfg = Release|Any CPU
		{CC3B0D53-18EC-45DE-A365-F01A2B08DA2A}.Release|Any CPU.Build.0 = Release|Any CPU
		{815AC6FE-277A-473B-BC84-543718B1E5C9}.Debug|Any CPU.ActiveCfg = Debug|Any CPU
		{815AC6FE-277A-473B-BC84-543718B1E5C9}.Debug|Any CPU.Build.0 = Debug|Any CPU
		{815AC6FE-277A-473B-BC84-543718B1E5C9}.Release|Any CPU.ActiveCfg = Release|Any CPU
		{815AC6FE-277A-473B-BC84-543718B1E5C9}.Release|Any CPU.Build.0 = Release|Any CPU
		{48392B9E-EE4D-4DF7-9B85-D05ECA362929}.Debug|Any CPU.ActiveCfg = Debug|Any CPU
		{48392B9E-EE4D-4DF7-9B85-D05ECA362929}.Debug|Any CPU.Build.0 = Debug|Any CPU
		{48392B9E-EE4D-4DF7-9B85-D05ECA362929}.Release|Any CPU.ActiveCfg = Release|Any CPU
		{48392B9E-EE4D-4DF7-9B85-D05ECA362929}.Release|Any CPU.Build.0 = Release|Any CPU
	EndGlobalSection
	GlobalSection(SolutionProperties) = preSolution
		HideSolutionNode = FALSE
	EndGlobalSection
	GlobalSection(ExtensibilityGlobals) = postSolution
		SolutionGuid = {F622EE9B-8960-4986-A093-52D43BC61704}
	EndGlobalSection
EndGlobal
