
Microsoft Visual Studio Solution File, Format Version 12.00
# Visual Studio Version 16
VisualStudioVersion = 16.0.31729.503
MinimumVisualStudioVersion = 10.0.40219.1
Project("{9A19103F-16F7-4668-BE54-9A1E7A4F7556}") = "AnimalFarm", "AnimalFarm\AnimalFarm.csproj", "{9F3A2AD9-BD29-4728-B2DE-DF94C86E5B2B}"
EndProject
Project("{9A19103F-16F7-4668-BE54-9A1E7A4F7556}") = "ClassBoxData", "..\01.ClassBoxData\ClassBoxData.csproj", "{6B828D8C-20D3-4664-BB83-A2463B511E98}"
EndProject
Project("{9A19103F-16F7-4668-BE54-9A1E7A4F7556}") = "ShoppingSpree", "ShoppingSpree\ShoppingSpree.csproj", "{03DE882D-44FB-4E5B-ADC9-10E0A9FC78AD}"
EndProject
Project("{FAE04EC0-301F-11D3-BF4B-00C04F79EFBC}") = "PizzaCalories", "..\PizzaCalories\PizzaCalories.csproj", "{4C02042F-E097-40AF-9AAF-BBB60283C2C4}"
EndProject
Project("{FAE04EC0-301F-11D3-BF4B-00C04F79EFBC}") = "FootballTeamGenerator", "FootballTeamGenerator\FootballTeamGenerator.csproj", "{49D19642-8EC2-4383-B6D8-39EBF4255613}"
EndProject
Global
	GlobalSection(SolutionConfigurationPlatforms) = preSolution
		Debug|Any CPU = Debug|Any CPU
		Release|Any CPU = Release|Any CPU
	EndGlobalSection
	GlobalSection(ProjectConfigurationPlatforms) = postSolution
		{9F3A2AD9-BD29-4728-B2DE-DF94C86E5B2B}.Debug|Any CPU.ActiveCfg = Debug|Any CPU
		{9F3A2AD9-BD29-4728-B2DE-DF94C86E5B2B}.Debug|Any CPU.Build.0 = Debug|Any CPU
		{9F3A2AD9-BD29-4728-B2DE-DF94C86E5B2B}.Release|Any CPU.ActiveCfg = Release|Any CPU
		{9F3A2AD9-BD29-4728-B2DE-DF94C86E5B2B}.Release|Any CPU.Build.0 = Release|Any CPU
		{6B828D8C-20D3-4664-BB83-A2463B511E98}.Debug|Any CPU.ActiveCfg = Debug|Any CPU
		{6B828D8C-20D3-4664-BB83-A2463B511E98}.Debug|Any CPU.Build.0 = Debug|Any CPU
		{6B828D8C-20D3-4664-BB83-A2463B511E98}.Release|Any CPU.ActiveCfg = Release|Any CPU
		{6B828D8C-20D3-4664-BB83-A2463B511E98}.Release|Any CPU.Build.0 = Release|Any CPU
		{03DE882D-44FB-4E5B-ADC9-10E0A9FC78AD}.Debug|Any CPU.ActiveCfg = Debug|Any CPU
		{03DE882D-44FB-4E5B-ADC9-10E0A9FC78AD}.Debug|Any CPU.Build.0 = Debug|Any CPU
		{03DE882D-44FB-4E5B-ADC9-10E0A9FC78AD}.Release|Any CPU.ActiveCfg = Release|Any CPU
		{03DE882D-44FB-4E5B-ADC9-10E0A9FC78AD}.Release|Any CPU.Build.0 = Release|Any CPU
		{4C02042F-E097-40AF-9AAF-BBB60283C2C4}.Debug|Any CPU.ActiveCfg = Debug|Any CPU
		{4C02042F-E097-40AF-9AAF-BBB60283C2C4}.Debug|Any CPU.Build.0 = Debug|Any CPU
		{4C02042F-E097-40AF-9AAF-BBB60283C2C4}.Release|Any CPU.ActiveCfg = Release|Any CPU
		{4C02042F-E097-40AF-9AAF-BBB60283C2C4}.Release|Any CPU.Build.0 = Release|Any CPU
		{49D19642-8EC2-4383-B6D8-39EBF4255613}.Debug|Any CPU.ActiveCfg = Debug|Any CPU
		{49D19642-8EC2-4383-B6D8-39EBF4255613}.Debug|Any CPU.Build.0 = Debug|Any CPU
		{49D19642-8EC2-4383-B6D8-39EBF4255613}.Release|Any CPU.ActiveCfg = Release|Any CPU
		{49D19642-8EC2-4383-B6D8-39EBF4255613}.Release|Any CPU.Build.0 = Release|Any CPU
	EndGlobalSection
	GlobalSection(SolutionProperties) = preSolution
		HideSolutionNode = FALSE
	EndGlobalSection
	GlobalSection(ExtensibilityGlobals) = postSolution
		SolutionGuid = {16C6B5F8-9855-4B2E-9C91-D9E4C8A8FC04}
	EndGlobalSection
EndGlobal
