
Microsoft Visual Studio Solution File, Format Version 12.00
# Visual Studio Version 16
VisualStudioVersion = 16.0.31729.503
MinimumVisualStudioVersion = 10.0.40219.1
Project("{9A19103F-16F7-4668-BE54-9A1E7A4F7556}") = "Cars", "Cars.csproj", "{7923B65D-533F-404D-A430-8358C8A53DBE}"
EndProject
Project("{9A19103F-16F7-4668-BE54-9A1E7A4F7556}") = "Shapes", "..\Shapes\Shapes.csproj", "{3A3E5F8B-3A44-497A-8E70-46857D42E923}"
EndProject
Global
	GlobalSection(SolutionConfigurationPlatforms) = preSolution
		Debug|Any CPU = Debug|Any CPU
		Release|Any CPU = Release|Any CPU
	EndGlobalSection
	GlobalSection(ProjectConfigurationPlatforms) = postSolution
		{7923B65D-533F-404D-A430-8358C8A53DBE}.Debug|Any CPU.ActiveCfg = Debug|Any CPU
		{7923B65D-533F-404D-A430-8358C8A53DBE}.Debug|Any CPU.Build.0 = Debug|Any CPU
		{7923B65D-533F-404D-A430-8358C8A53DBE}.Release|Any CPU.ActiveCfg = Release|Any CPU
		{7923B65D-533F-404D-A430-8358C8A53DBE}.Release|Any CPU.Build.0 = Release|Any CPU
		{3A3E5F8B-3A44-497A-8E70-46857D42E923}.Debug|Any CPU.ActiveCfg = Debug|Any CPU
		{3A3E5F8B-3A44-497A-8E70-46857D42E923}.Debug|Any CPU.Build.0 = Debug|Any CPU
		{3A3E5F8B-3A44-497A-8E70-46857D42E923}.Release|Any CPU.ActiveCfg = Release|Any CPU
		{3A3E5F8B-3A44-497A-8E70-46857D42E923}.Release|Any CPU.Build.0 = Release|Any CPU
	EndGlobalSection
	GlobalSection(SolutionProperties) = preSolution
		HideSolutionNode = FALSE
	EndGlobalSection
	GlobalSection(ExtensibilityGlobals) = postSolution
		SolutionGuid = {FB49D40B-A34B-4C7D-BAE5-F53A325F52ED}
	EndGlobalSection
EndGlobal
