
Microsoft Visual Studio Solution File, Format Version 12.00
# Visual Studio Version 16
VisualStudioVersion = 16.0.31613.86
MinimumVisualStudioVersion = 10.0.40219.1
Project("{9A19103F-16F7-4668-BE54-9A1E7A4F7556}") = "01.DefineClassPerson", "01.DefineClassPerson\01.DefineClassPerson.csproj", "{1248532F-C1E0-4EFF-9782-2C468F0ABBA7}"
EndProject
Project("{9A19103F-16F7-4668-BE54-9A1E7A4F7556}") = "02.CreatingConstructors", "2.CreatingConstructors\02.CreatingConstructors.csproj", "{1AA1FC23-5953-40AA-B45E-A4D855505923}"
EndProject
Project("{9A19103F-16F7-4668-BE54-9A1E7A4F7556}") = "03.OldestFamilyMember", "3.OldestFamilyMember\03.OldestFamilyMember.csproj", "{6E0B6D15-4880-4B49-8A77-BB8D1E176D2F}"
EndProject
Project("{9A19103F-16F7-4668-BE54-9A1E7A4F7556}") = "04.OpinionPoll", "04.OpinionPoll\04.OpinionPoll.csproj", "{D4C2F545-1F6D-4E2F-9E6B-B6CD7201A041}"
EndProject
Project("{9A19103F-16F7-4668-BE54-9A1E7A4F7556}") = "05.DateModifier", "05.DateModifier\05.DateModifier.csproj", "{3C399412-6F6E-4893-BE11-C0699F158CFA}"
EndProject
Project("{9A19103F-16F7-4668-BE54-9A1E7A4F7556}") = "06.SpeedRacing", "06.SpeedRacing\06.SpeedRacing.csproj", "{74947E0F-252F-4B23-8F21-BA03051FE98C}"
EndProject
Project("{9A19103F-16F7-4668-BE54-9A1E7A4F7556}") = "07.RawData", "07.RawData\07.RawData.csproj", "{204EE710-C336-4CA5-A2FC-FCE63C9FDAA7}"
EndProject
Project("{9A19103F-16F7-4668-BE54-9A1E7A4F7556}") = "08.CarSalesman", "08.CarSalesman\08.CarSalesman.csproj", "{A0D6330E-2172-44D5-B442-065B81B600D3}"
EndProject
Project("{FAE04EC0-301F-11D3-BF4B-00C04F79EFBC}") = "09.PokemonTrainer", "09.PokemonTrainer\09.PokemonTrainer.csproj", "{6CC4460B-9583-4928-82BC-13705319A68E}"
EndProject
Project("{FAE04EC0-301F-11D3-BF4B-00C04F79EFBC}") = "10.SoftUniParking", "10.SoftUniParking\10.SoftUniParking.csproj", "{52CA2680-25F2-4BD0-A904-3C295135D2C7}"
EndProject
Global
	GlobalSection(SolutionConfigurationPlatforms) = preSolution
		Debug|Any CPU = Debug|Any CPU
		Release|Any CPU = Release|Any CPU
	EndGlobalSection
	GlobalSection(ProjectConfigurationPlatforms) = postSolution
		{1248532F-C1E0-4EFF-9782-2C468F0ABBA7}.Debug|Any CPU.ActiveCfg = Debug|Any CPU
		{1248532F-C1E0-4EFF-9782-2C468F0ABBA7}.Debug|Any CPU.Build.0 = Debug|Any CPU
		{1248532F-C1E0-4EFF-9782-2C468F0ABBA7}.Release|Any CPU.ActiveCfg = Release|Any CPU
		{1248532F-C1E0-4EFF-9782-2C468F0ABBA7}.Release|Any CPU.Build.0 = Release|Any CPU
		{1AA1FC23-5953-40AA-B45E-A4D855505923}.Debug|Any CPU.ActiveCfg = Debug|Any CPU
		{1AA1FC23-5953-40AA-B45E-A4D855505923}.Debug|Any CPU.Build.0 = Debug|Any CPU
		{1AA1FC23-5953-40AA-B45E-A4D855505923}.Release|Any CPU.ActiveCfg = Release|Any CPU
		{1AA1FC23-5953-40AA-B45E-A4D855505923}.Release|Any CPU.Build.0 = Release|Any CPU
		{6E0B6D15-4880-4B49-8A77-BB8D1E176D2F}.Debug|Any CPU.ActiveCfg = Debug|Any CPU
		{6E0B6D15-4880-4B49-8A77-BB8D1E176D2F}.Debug|Any CPU.Build.0 = Debug|Any CPU
		{6E0B6D15-4880-4B49-8A77-BB8D1E176D2F}.Release|Any CPU.ActiveCfg = Release|Any CPU
		{6E0B6D15-4880-4B49-8A77-BB8D1E176D2F}.Release|Any CPU.Build.0 = Release|Any CPU
		{D4C2F545-1F6D-4E2F-9E6B-B6CD7201A041}.Debug|Any CPU.ActiveCfg = Debug|Any CPU
		{D4C2F545-1F6D-4E2F-9E6B-B6CD7201A041}.Debug|Any CPU.Build.0 = Debug|Any CPU
		{D4C2F545-1F6D-4E2F-9E6B-B6CD7201A041}.Release|Any CPU.ActiveCfg = Release|Any CPU
		{D4C2F545-1F6D-4E2F-9E6B-B6CD7201A041}.Release|Any CPU.Build.0 = Release|Any CPU
		{3C399412-6F6E-4893-BE11-C0699F158CFA}.Debug|Any CPU.ActiveCfg = Debug|Any CPU
		{3C399412-6F6E-4893-BE11-C0699F158CFA}.Debug|Any CPU.Build.0 = Debug|Any CPU
		{3C399412-6F6E-4893-BE11-C0699F158CFA}.Release|Any CPU.ActiveCfg = Release|Any CPU
		{3C399412-6F6E-4893-BE11-C0699F158CFA}.Release|Any CPU.Build.0 = Release|Any CPU
		{74947E0F-252F-4B23-8F21-BA03051FE98C}.Debug|Any CPU.ActiveCfg = Debug|Any CPU
		{74947E0F-252F-4B23-8F21-BA03051FE98C}.Debug|Any CPU.Build.0 = Debug|Any CPU
		{74947E0F-252F-4B23-8F21-BA03051FE98C}.Release|Any CPU.ActiveCfg = Release|Any CPU
		{74947E0F-252F-4B23-8F21-BA03051FE98C}.Release|Any CPU.Build.0 = Release|Any CPU
		{204EE710-C336-4CA5-A2FC-FCE63C9FDAA7}.Debug|Any CPU.ActiveCfg = Debug|Any CPU
		{204EE710-C336-4CA5-A2FC-FCE63C9FDAA7}.Debug|Any CPU.Build.0 = Debug|Any CPU
		{204EE710-C336-4CA5-A2FC-FCE63C9FDAA7}.Release|Any CPU.ActiveCfg = Release|Any CPU
		{204EE710-C336-4CA5-A2FC-FCE63C9FDAA7}.Release|Any CPU.Build.0 = Release|Any CPU
		{A0D6330E-2172-44D5-B442-065B81B600D3}.Debug|Any CPU.ActiveCfg = Debug|Any CPU
		{A0D6330E-2172-44D5-B442-065B81B600D3}.Debug|Any CPU.Build.0 = Debug|Any CPU
		{A0D6330E-2172-44D5-B442-065B81B600D3}.Release|Any CPU.ActiveCfg = Release|Any CPU
		{A0D6330E-2172-44D5-B442-065B81B600D3}.Release|Any CPU.Build.0 = Release|Any CPU
		{6CC4460B-9583-4928-82BC-13705319A68E}.Debug|Any CPU.ActiveCfg = Debug|Any CPU
		{6CC4460B-9583-4928-82BC-13705319A68E}.Debug|Any CPU.Build.0 = Debug|Any CPU
		{6CC4460B-9583-4928-82BC-13705319A68E}.Release|Any CPU.ActiveCfg = Release|Any CPU
		{6CC4460B-9583-4928-82BC-13705319A68E}.Release|Any CPU.Build.0 = Release|Any CPU
		{52CA2680-25F2-4BD0-A904-3C295135D2C7}.Debug|Any CPU.ActiveCfg = Debug|Any CPU
		{52CA2680-25F2-4BD0-A904-3C295135D2C7}.Debug|Any CPU.Build.0 = Debug|Any CPU
		{52CA2680-25F2-4BD0-A904-3C295135D2C7}.Release|Any CPU.ActiveCfg = Release|Any CPU
		{52CA2680-25F2-4BD0-A904-3C295135D2C7}.Release|Any CPU.Build.0 = Release|Any CPU
	EndGlobalSection
	GlobalSection(SolutionProperties) = preSolution
		HideSolutionNode = FALSE
	EndGlobalSection
	GlobalSection(ExtensibilityGlobals) = postSolution
		SolutionGuid = {35736446-F46E-4F47-B1F9-A875727B7658}
	EndGlobalSection
EndGlobal
