
Microsoft Visual Studio Solution File, Format Version 12.00
# Visual Studio Version 16
VisualStudioVersion = 16.0.31613.86
MinimumVisualStudioVersion = 10.0.40219.1
Project("{9A19103F-16F7-4668-BE54-9A1E7A4F7556}") = "02.TheBattleOfTheFiveArmies", "02.TheBattleOfTheFiveArmies.csproj", "{6716BE89-0F0F-4B61-991D-232FF9BC76C4}"
EndProject
Global
	GlobalSection(SolutionConfigurationPlatforms) = preSolution
		Debug|Any CPU = Debug|Any CPU
		Release|Any CPU = Release|Any CPU
	EndGlobalSection
	GlobalSection(ProjectConfigurationPlatforms) = postSolution
		{6716BE89-0F0F-4B61-991D-232FF9BC76C4}.Debug|Any CPU.ActiveCfg = Debug|Any CPU
		{6716BE89-0F0F-4B61-991D-232FF9BC76C4}.Debug|Any CPU.Build.0 = Debug|Any CPU
		{6716BE89-0F0F-4B61-991D-232FF9BC76C4}.Release|Any CPU.ActiveCfg = Release|Any CPU
		{6716BE89-0F0F-4B61-991D-232FF9BC76C4}.Release|Any CPU.Build.0 = Release|Any CPU
	EndGlobalSection
	GlobalSection(SolutionProperties) = preSolution
		HideSolutionNode = FALSE
	EndGlobalSection
	GlobalSection(ExtensibilityGlobals) = postSolution
		SolutionGuid = {22BB62AE-0691-4157-9390-AFA763063180}
	EndGlobalSection
EndGlobal
