
Microsoft Visual Studio Solution File, Format Version 12.00
# Visual Studio Version 16
VisualStudioVersion = 16.0.30804.86
MinimumVisualStudioVersion = 10.0.40219.1
Project("{9A19103F-16F7-4668-BE54-9A1E7A4F7556}") = "01.SumAdjacentEqualNumbers", "01.SumAdjacentEqualNumbers\01.SumAdjacentEqualNumbers.csproj", "{7B6D5581-E496-4270-8A0D-746837D9DDC9}"
EndProject
Project("{9A19103F-16F7-4668-BE54-9A1E7A4F7556}") = "02.Gauss'Trick", "02.Gauss'Trick\02.Gauss'Trick.csproj", "{9CF15DBE-631D-4816-8663-7DBC9E355764}"
EndProject
Project("{9A19103F-16F7-4668-BE54-9A1E7A4F7556}") = "03.MergingLists", "03.MergingLists\03.MergingLists.csproj", "{6B1BB1AC-E731-4B66-93A0-EBD8D2E8CC5E}"
EndProject
Project("{9A19103F-16F7-4668-BE54-9A1E7A4F7556}") = "01.Train", "01.Train\01.Train.csproj", "{5F9D0D2C-57B9-4B93-93FD-77F68CB1530F}"
EndProject
Project("{9A19103F-16F7-4668-BE54-9A1E7A4F7556}") = "02.ChangeList", "02.ChangeList\02.ChangeList.csproj", "{1EE0F0F1-B831-4B11-A473-1BEF117AA636}"
EndProject
Project("{9A19103F-16F7-4668-BE54-9A1E7A4F7556}") = "03.HouseParty", "03.HouseParty\03.HouseParty.csproj", "{D6D142DA-C400-4820-8E5B-A95CEB862DB3}"
EndProject
Project("{9A19103F-16F7-4668-BE54-9A1E7A4F7556}") = "04.ListOperations", "04.ListOperations\04.ListOperations.csproj", "{4FED1838-0581-499D-9F1A-6829C5BBA0EA}"
EndProject
Project("{9A19103F-16F7-4668-BE54-9A1E7A4F7556}") = "05.BombNumbers", "05.BombNumbers\05.BombNumbers.csproj", "{4EED4345-0408-4014-BAFE-DE302CBEDFC7}"
EndProject
Project("{9A19103F-16F7-4668-BE54-9A1E7A4F7556}") = "06.CardsGame", "06.CardsGame\06.CardsGame.csproj", "{77C4E154-4354-471C-B105-DAC33F86024D}"
EndProject
Project("{9A19103F-16F7-4668-BE54-9A1E7A4F7556}") = "07.AppendArrays", "07.AppendArrays\07.AppendArrays.csproj", "{CAFD33F7-205F-4BC7-9E45-21ABED5CD45D}"
EndProject
Project("{2150E333-8FDC-42A3-9474-1A3956D46DE8}") = "Solution Items", "Solution Items", "{B79D4AFD-BE10-486E-8283-A0C08C421051}"
EndProject
Project("{9A19103F-16F7-4668-BE54-9A1E7A4F7556}") = "01.RandomizeWords", "01.RandomizeWords\01.RandomizeWords.csproj", "{DA9ED28C-0FB1-4296-8D3C-78CC737BBC46}"
EndProject
Project("{9A19103F-16F7-4668-BE54-9A1E7A4F7556}") = "02.BigFactorial", "02.BigFactorial\02.BigFactorial.csproj", "{2B475F86-984F-4322-B534-42BFEE0974CB}"
EndProject
Project("{9A19103F-16F7-4668-BE54-9A1E7A4F7556}") = "03.Songs", "03.Songs\03.Songs.csproj", "{B221C128-4175-4770-9E2C-3D458B9E2B52}"
EndProject
Project("{9A19103F-16F7-4668-BE54-9A1E7A4F7556}") = "04.Students", "04.Students\04.Students.csproj", "{FF6BBA6A-385B-4DF6-90CC-1DF67B843AE2}"
EndProject
Project("{9A19103F-16F7-4668-BE54-9A1E7A4F7556}") = "05.Students2.0", "05.Students2.0\05.Students2.0.csproj", "{75FE070F-01BE-42C3-9C57-C25A46439DB7}"
EndProject
Project("{9A19103F-16F7-4668-BE54-9A1E7A4F7556}") = "01.AdvertisementMessage", "01.AdvertisementMessage\01.AdvertisementMessage.csproj", "{0B4C0737-9D11-4515-ADBE-ADDB6A6DAD53}"
EndProject
Project("{9A19103F-16F7-4668-BE54-9A1E7A4F7556}") = "02.Articles", "02.Articles\02.Articles.csproj", "{3FD4C880-F8E9-401C-BE26-E5048143E00C}"
EndProject
Project("{9A19103F-16F7-4668-BE54-9A1E7A4F7556}") = "03. Articles 2.0", "03. Articles 2.0\03. Articles 2.0.csproj", "{7BBF16BC-91B9-40F7-938A-1F19045374D9}"
EndProject
Project("{9A19103F-16F7-4668-BE54-9A1E7A4F7556}") = "04. Students", "04. Students\04. Students.csproj", "{24BBF1ED-FCF3-46FD-8CA8-B3CF45642D51}"
EndProject
Project("{9A19103F-16F7-4668-BE54-9A1E7A4F7556}") = "05. Teamwork Projects", "05. Teamwork Projects\05. Teamwork Projects.csproj", "{2E261CD1-8192-4E59-AA08-98C6CDFC953B}"
EndProject
Project("{9A19103F-16F7-4668-BE54-9A1E7A4F7556}") = "06. Vehicle Catalogue", "06. Vehicle Catalogue\06. Vehicle Catalogue.csproj", "{81035BCC-4033-4961-AA3E-5F06FD33D5DB}"
EndProject
Project("{9A19103F-16F7-4668-BE54-9A1E7A4F7556}") = "07. Order by Age", "07. Order by Age\07. Order by Age.csproj", "{FDD80F21-EF16-4E52-87E1-C8646E8552E2}"
EndProject
Project("{9A19103F-16F7-4668-BE54-9A1E7A4F7556}") = "02. Array Modifier", "02. Array Modifier\02. Array Modifier.csproj", "{10427A0D-5EE0-4EDA-990D-1AD5FBC93885}"
EndProject
Project("{9A19103F-16F7-4668-BE54-9A1E7A4F7556}") = "03. Numbers", "03. Numbers\03. Numbers.csproj", "{B5DB3480-24B2-4F52-A269-76AE1783C7FD}"
EndProject
Project("{9A19103F-16F7-4668-BE54-9A1E7A4F7556}") = "01. SoftUni Reception", "01. SoftUni Reception\01. SoftUni Reception.csproj", "{FD0E55D3-B2BA-47D2-8C86-EA30C21558FD}"
EndProject
Project("{9A19103F-16F7-4668-BE54-9A1E7A4F7556}") = "03. Heart Delivery", "03. Heart Delivery\03. Heart Delivery.csproj", "{AE4AFF1F-8E07-4DFB-B686-68BE261335D0}"
EndProject
Project("{9A19103F-16F7-4668-BE54-9A1E7A4F7556}") = "02. Shopping List", "02. Shopping List\02. Shopping List.csproj", "{C168E1B3-7C36-430A-AD2E-C8D266A80309}"
EndProject
Project("{9A19103F-16F7-4668-BE54-9A1E7A4F7556}") = "Black Flag", "Black Flag\Black Flag.csproj", "{0BAA657A-9C44-434B-A921-7CA1DB388F1D}"
EndProject
Project("{9A19103F-16F7-4668-BE54-9A1E7A4F7556}") = "midExamProblem1", "midExamProblem1\midExamProblem1.csproj", "{1ADC4B9A-7B18-4D5C-AD61-95D81E10CEFC}"
EndProject
Project("{9A19103F-16F7-4668-BE54-9A1E7A4F7556}") = "midExamProblem2", "midExamProblem2\midExamProblem2.csproj", "{DED64CF5-B59F-436E-9751-6B867FD80DBB}"
EndProject
Project("{9A19103F-16F7-4668-BE54-9A1E7A4F7556}") = "midExamProblem3", "midExamProblem3\midExamProblem3.csproj", "{D2491374-195C-4F6E-90E8-86324E6A208E}"
EndProject
Project("{9A19103F-16F7-4668-BE54-9A1E7A4F7556}") = "Treasure Hunt", "Treasure Hunt\Treasure Hunt.csproj", "{2187B020-0C74-4695-8E0A-4037C9B94DF9}"
EndProject
Project("{9A19103F-16F7-4668-BE54-9A1E7A4F7556}") = "Man O War", "Man O War\Man O War.csproj", "{3F063A76-97A0-4DC7-96D9-A8ED44698972}"
EndProject
Project("{9A19103F-16F7-4668-BE54-9A1E7A4F7556}") = "02. The Lift", "02. The Lift\02. The Lift.csproj", "{4A9354B9-37A3-4281-9B22-1826D113D4D1}"
EndProject
Project("{9A19103F-16F7-4668-BE54-9A1E7A4F7556}") = "03. Memory Game", "03. Memory Game\03. Memory Game.csproj", "{946CC5A7-411C-46FB-949C-CE9185F4C0AE}"
EndProject
Project("{9A19103F-16F7-4668-BE54-9A1E7A4F7556}") = "02. MuOnline", "02. MuOnline\02. MuOnline.csproj", "{DDC9F464-6396-4CDE-9B94-92CD4257070B}"
EndProject
Project("{9A19103F-16F7-4668-BE54-9A1E7A4F7556}") = "03. Inventory", "03. Inventory\03. Inventory.csproj", "{699E10F4-445C-49DF-8121-5CF0889BF01F}"
EndProject
Project("{9A19103F-16F7-4668-BE54-9A1E7A4F7556}") = "02. Problem", "02. Problem\02. Problem.csproj", "{79298610-3211-435D-9D24-EF4F6E0B9BFD}"
EndProject
Project("{9A19103F-16F7-4668-BE54-9A1E7A4F7556}") = "problem 03", "problem 03\problem 03.csproj", "{141B074C-491C-401E-B38B-D11797CA9B59}"
EndProject
Project("{9A19103F-16F7-4668-BE54-9A1E7A4F7556}") = "problem 01", "problem 01\problem 01.csproj", "{0E253626-F23F-4495-902E-46828DA99DC4}"
EndProject
Project("{9A19103F-16F7-4668-BE54-9A1E7A4F7556}") = "02. Fancy Barcodes", "02. Fancy Barcodes\02. Fancy Barcodes.csproj", "{1B60F7D7-4417-458A-A50F-812E2910062B}"
EndProject
Project("{9A19103F-16F7-4668-BE54-9A1E7A4F7556}") = "01. Computer Store", "01. Computer Store\01. Computer Store.csproj", "{019A3BCB-753E-4708-AB9F-E57ECB6361D9}"
EndProject
Project("{9A19103F-16F7-4668-BE54-9A1E7A4F7556}") = "demoTrainingProblem_03", "demoTrainingProblem_03\demoTrainingProblem_03.csproj", "{4F7FAE29-7253-4BE5-9683-48A31D3AE220}"
EndProject
Project("{FAE04EC0-301F-11D3-BF4B-00C04F79EFBC}") = "10.SoftUniCoursePlanning", "10.SoftUniCoursePlanning\10.SoftUniCoursePlanning.csproj", "{AB213744-C610-4FFC-A8DC-C7040A4AD5C9}"
EndProject
Global
	GlobalSection(SolutionConfigurationPlatforms) = preSolution
		Debug|Any CPU = Debug|Any CPU
		Release|Any CPU = Release|Any CPU
	EndGlobalSection
	GlobalSection(ProjectConfigurationPlatforms) = postSolution
		{7B6D5581-E496-4270-8A0D-746837D9DDC9}.Debug|Any CPU.ActiveCfg = Debug|Any CPU
		{7B6D5581-E496-4270-8A0D-746837D9DDC9}.Debug|Any CPU.Build.0 = Debug|Any CPU
		{7B6D5581-E496-4270-8A0D-746837D9DDC9}.Release|Any CPU.ActiveCfg = Release|Any CPU
		{7B6D5581-E496-4270-8A0D-746837D9DDC9}.Release|Any CPU.Build.0 = Release|Any CPU
		{9CF15DBE-631D-4816-8663-7DBC9E355764}.Debug|Any CPU.ActiveCfg = Debug|Any CPU
		{9CF15DBE-631D-4816-8663-7DBC9E355764}.Debug|Any CPU.Build.0 = Debug|Any CPU
		{9CF15DBE-631D-4816-8663-7DBC9E355764}.Release|Any CPU.ActiveCfg = Release|Any CPU
		{9CF15DBE-631D-4816-8663-7DBC9E355764}.Release|Any CPU.Build.0 = Release|Any CPU
		{6B1BB1AC-E731-4B66-93A0-EBD8D2E8CC5E}.Debug|Any CPU.ActiveCfg = Debug|Any CPU
		{6B1BB1AC-E731-4B66-93A0-EBD8D2E8CC5E}.Debug|Any CPU.Build.0 = Debug|Any CPU
		{6B1BB1AC-E731-4B66-93A0-EBD8D2E8CC5E}.Release|Any CPU.ActiveCfg = Release|Any CPU
		{6B1BB1AC-E731-4B66-93A0-EBD8D2E8CC5E}.Release|Any CPU.Build.0 = Release|Any CPU
		{5F9D0D2C-57B9-4B93-93FD-77F68CB1530F}.Debug|Any CPU.ActiveCfg = Debug|Any CPU
		{5F9D0D2C-57B9-4B93-93FD-77F68CB1530F}.Debug|Any CPU.Build.0 = Debug|Any CPU
		{5F9D0D2C-57B9-4B93-93FD-77F68CB1530F}.Release|Any CPU.ActiveCfg = Release|Any CPU
		{5F9D0D2C-57B9-4B93-93FD-77F68CB1530F}.Release|Any CPU.Build.0 = Release|Any CPU
		{1EE0F0F1-B831-4B11-A473-1BEF117AA636}.Debug|Any CPU.ActiveCfg = Debug|Any CPU
		{1EE0F0F1-B831-4B11-A473-1BEF117AA636}.Debug|Any CPU.Build.0 = Debug|Any CPU
		{1EE0F0F1-B831-4B11-A473-1BEF117AA636}.Release|Any CPU.ActiveCfg = Release|Any CPU
		{1EE0F0F1-B831-4B11-A473-1BEF117AA636}.Release|Any CPU.Build.0 = Release|Any CPU
		{D6D142DA-C400-4820-8E5B-A95CEB862DB3}.Debug|Any CPU.ActiveCfg = Debug|Any CPU
		{D6D142DA-C400-4820-8E5B-A95CEB862DB3}.Debug|Any CPU.Build.0 = Debug|Any CPU
		{D6D142DA-C400-4820-8E5B-A95CEB862DB3}.Release|Any CPU.ActiveCfg = Release|Any CPU
		{D6D142DA-C400-4820-8E5B-A95CEB862DB3}.Release|Any CPU.Build.0 = Release|Any CPU
		{4FED1838-0581-499D-9F1A-6829C5BBA0EA}.Debug|Any CPU.ActiveCfg = Debug|Any CPU
		{4FED1838-0581-499D-9F1A-6829C5BBA0EA}.Debug|Any CPU.Build.0 = Debug|Any CPU
		{4FED1838-0581-499D-9F1A-6829C5BBA0EA}.Release|Any CPU.ActiveCfg = Release|Any CPU
		{4FED1838-0581-499D-9F1A-6829C5BBA0EA}.Release|Any CPU.Build.0 = Release|Any CPU
		{4EED4345-0408-4014-BAFE-DE302CBEDFC7}.Debug|Any CPU.ActiveCfg = Debug|Any CPU
		{4EED4345-0408-4014-BAFE-DE302CBEDFC7}.Debug|Any CPU.Build.0 = Debug|Any CPU
		{4EED4345-0408-4014-BAFE-DE302CBEDFC7}.Release|Any CPU.ActiveCfg = Release|Any CPU
		{4EED4345-0408-4014-BAFE-DE302CBEDFC7}.Release|Any CPU.Build.0 = Release|Any CPU
		{77C4E154-4354-471C-B105-DAC33F86024D}.Debug|Any CPU.ActiveCfg = Debug|Any CPU
		{77C4E154-4354-471C-B105-DAC33F86024D}.Debug|Any CPU.Build.0 = Debug|Any CPU
		{77C4E154-4354-471C-B105-DAC33F86024D}.Release|Any CPU.ActiveCfg = Release|Any CPU
		{77C4E154-4354-471C-B105-DAC33F86024D}.Release|Any CPU.Build.0 = Release|Any CPU
		{CAFD33F7-205F-4BC7-9E45-21ABED5CD45D}.Debug|Any CPU.ActiveCfg = Debug|Any CPU
		{CAFD33F7-205F-4BC7-9E45-21ABED5CD45D}.Debug|Any CPU.Build.0 = Debug|Any CPU
		{CAFD33F7-205F-4BC7-9E45-21ABED5CD45D}.Release|Any CPU.ActiveCfg = Release|Any CPU
		{CAFD33F7-205F-4BC7-9E45-21ABED5CD45D}.Release|Any CPU.Build.0 = Release|Any CPU
		{DA9ED28C-0FB1-4296-8D3C-78CC737BBC46}.Debug|Any CPU.ActiveCfg = Debug|Any CPU
		{DA9ED28C-0FB1-4296-8D3C-78CC737BBC46}.Debug|Any CPU.Build.0 = Debug|Any CPU
		{DA9ED28C-0FB1-4296-8D3C-78CC737BBC46}.Release|Any CPU.ActiveCfg = Release|Any CPU
		{DA9ED28C-0FB1-4296-8D3C-78CC737BBC46}.Release|Any CPU.Build.0 = Release|Any CPU
		{2B475F86-984F-4322-B534-42BFEE0974CB}.Debug|Any CPU.ActiveCfg = Debug|Any CPU
		{2B475F86-984F-4322-B534-42BFEE0974CB}.Debug|Any CPU.Build.0 = Debug|Any CPU
		{2B475F86-984F-4322-B534-42BFEE0974CB}.Release|Any CPU.ActiveCfg = Release|Any CPU
		{2B475F86-984F-4322-B534-42BFEE0974CB}.Release|Any CPU.Build.0 = Release|Any CPU
		{B221C128-4175-4770-9E2C-3D458B9E2B52}.Debug|Any CPU.ActiveCfg = Debug|Any CPU
		{B221C128-4175-4770-9E2C-3D458B9E2B52}.Debug|Any CPU.Build.0 = Debug|Any CPU
		{B221C128-4175-4770-9E2C-3D458B9E2B52}.Release|Any CPU.ActiveCfg = Release|Any CPU
		{B221C128-4175-4770-9E2C-3D458B9E2B52}.Release|Any CPU.Build.0 = Release|Any CPU
		{FF6BBA6A-385B-4DF6-90CC-1DF67B843AE2}.Debug|Any CPU.ActiveCfg = Debug|Any CPU
		{FF6BBA6A-385B-4DF6-90CC-1DF67B843AE2}.Debug|Any CPU.Build.0 = Debug|Any CPU
		{FF6BBA6A-385B-4DF6-90CC-1DF67B843AE2}.Release|Any CPU.ActiveCfg = Release|Any CPU
		{FF6BBA6A-385B-4DF6-90CC-1DF67B843AE2}.Release|Any CPU.Build.0 = Release|Any CPU
		{75FE070F-01BE-42C3-9C57-C25A46439DB7}.Debug|Any CPU.ActiveCfg = Debug|Any CPU
		{75FE070F-01BE-42C3-9C57-C25A46439DB7}.Debug|Any CPU.Build.0 = Debug|Any CPU
		{75FE070F-01BE-42C3-9C57-C25A46439DB7}.Release|Any CPU.ActiveCfg = Release|Any CPU
		{75FE070F-01BE-42C3-9C57-C25A46439DB7}.Release|Any CPU.Build.0 = Release|Any CPU
		{0B4C0737-9D11-4515-ADBE-ADDB6A6DAD53}.Debug|Any CPU.ActiveCfg = Debug|Any CPU
		{0B4C0737-9D11-4515-ADBE-ADDB6A6DAD53}.Debug|Any CPU.Build.0 = Debug|Any CPU
		{0B4C0737-9D11-4515-ADBE-ADDB6A6DAD53}.Release|Any CPU.ActiveCfg = Release|Any CPU
		{0B4C0737-9D11-4515-ADBE-ADDB6A6DAD53}.Release|Any CPU.Build.0 = Release|Any CPU
		{3FD4C880-F8E9-401C-BE26-E5048143E00C}.Debug|Any CPU.ActiveCfg = Debug|Any CPU
		{3FD4C880-F8E9-401C-BE26-E5048143E00C}.Debug|Any CPU.Build.0 = Debug|Any CPU
		{3FD4C880-F8E9-401C-BE26-E5048143E00C}.Release|Any CPU.ActiveCfg = Release|Any CPU
		{3FD4C880-F8E9-401C-BE26-E5048143E00C}.Release|Any CPU.Build.0 = Release|Any CPU
		{7BBF16BC-91B9-40F7-938A-1F19045374D9}.Debug|Any CPU.ActiveCfg = Debug|Any CPU
		{7BBF16BC-91B9-40F7-938A-1F19045374D9}.Debug|Any CPU.Build.0 = Debug|Any CPU
		{7BBF16BC-91B9-40F7-938A-1F19045374D9}.Release|Any CPU.ActiveCfg = Release|Any CPU
		{7BBF16BC-91B9-40F7-938A-1F19045374D9}.Release|Any CPU.Build.0 = Release|Any CPU
		{24BBF1ED-FCF3-46FD-8CA8-B3CF45642D51}.Debug|Any CPU.ActiveCfg = Debug|Any CPU
		{24BBF1ED-FCF3-46FD-8CA8-B3CF45642D51}.Debug|Any CPU.Build.0 = Debug|Any CPU
		{24BBF1ED-FCF3-46FD-8CA8-B3CF45642D51}.Release|Any CPU.ActiveCfg = Release|Any CPU
		{24BBF1ED-FCF3-46FD-8CA8-B3CF45642D51}.Release|Any CPU.Build.0 = Release|Any CPU
		{2E261CD1-8192-4E59-AA08-98C6CDFC953B}.Debug|Any CPU.ActiveCfg = Debug|Any CPU
		{2E261CD1-8192-4E59-AA08-98C6CDFC953B}.Debug|Any CPU.Build.0 = Debug|Any CPU
		{2E261CD1-8192-4E59-AA08-98C6CDFC953B}.Release|Any CPU.ActiveCfg = Release|Any CPU
		{2E261CD1-8192-4E59-AA08-98C6CDFC953B}.Release|Any CPU.Build.0 = Release|Any CPU
		{81035BCC-4033-4961-AA3E-5F06FD33D5DB}.Debug|Any CPU.ActiveCfg = Debug|Any CPU
		{81035BCC-4033-4961-AA3E-5F06FD33D5DB}.Debug|Any CPU.Build.0 = Debug|Any CPU
		{81035BCC-4033-4961-AA3E-5F06FD33D5DB}.Release|Any CPU.ActiveCfg = Release|Any CPU
		{81035BCC-4033-4961-AA3E-5F06FD33D5DB}.Release|Any CPU.Build.0 = Release|Any CPU
		{FDD80F21-EF16-4E52-87E1-C8646E8552E2}.Debug|Any CPU.ActiveCfg = Debug|Any CPU
		{FDD80F21-EF16-4E52-87E1-C8646E8552E2}.Debug|Any CPU.Build.0 = Debug|Any CPU
		{FDD80F21-EF16-4E52-87E1-C8646E8552E2}.Release|Any CPU.ActiveCfg = Release|Any CPU
		{FDD80F21-EF16-4E52-87E1-C8646E8552E2}.Release|Any CPU.Build.0 = Release|Any CPU
		{10427A0D-5EE0-4EDA-990D-1AD5FBC93885}.Debug|Any CPU.ActiveCfg = Debug|Any CPU
		{10427A0D-5EE0-4EDA-990D-1AD5FBC93885}.Debug|Any CPU.Build.0 = Debug|Any CPU
		{10427A0D-5EE0-4EDA-990D-1AD5FBC93885}.Release|Any CPU.ActiveCfg = Release|Any CPU
		{10427A0D-5EE0-4EDA-990D-1AD5FBC93885}.Release|Any CPU.Build.0 = Release|Any CPU
		{B5DB3480-24B2-4F52-A269-76AE1783C7FD}.Debug|Any CPU.ActiveCfg = Debug|Any CPU
		{B5DB3480-24B2-4F52-A269-76AE1783C7FD}.Debug|Any CPU.Build.0 = Debug|Any CPU
		{B5DB3480-24B2-4F52-A269-76AE1783C7FD}.Release|Any CPU.ActiveCfg = Release|Any CPU
		{B5DB3480-24B2-4F52-A269-76AE1783C7FD}.Release|Any CPU.Build.0 = Release|Any CPU
		{FD0E55D3-B2BA-47D2-8C86-EA30C21558FD}.Debug|Any CPU.ActiveCfg = Debug|Any CPU
		{FD0E55D3-B2BA-47D2-8C86-EA30C21558FD}.Debug|Any CPU.Build.0 = Debug|Any CPU
		{FD0E55D3-B2BA-47D2-8C86-EA30C21558FD}.Release|Any CPU.ActiveCfg = Release|Any CPU
		{FD0E55D3-B2BA-47D2-8C86-EA30C21558FD}.Release|Any CPU.Build.0 = Release|Any CPU
		{AE4AFF1F-8E07-4DFB-B686-68BE261335D0}.Debug|Any CPU.ActiveCfg = Debug|Any CPU
		{AE4AFF1F-8E07-4DFB-B686-68BE261335D0}.Debug|Any CPU.Build.0 = Debug|Any CPU
		{AE4AFF1F-8E07-4DFB-B686-68BE261335D0}.Release|Any CPU.ActiveCfg = Release|Any CPU
		{AE4AFF1F-8E07-4DFB-B686-68BE261335D0}.Release|Any CPU.Build.0 = Release|Any CPU
		{C168E1B3-7C36-430A-AD2E-C8D266A80309}.Debug|Any CPU.ActiveCfg = Debug|Any CPU
		{C168E1B3-7C36-430A-AD2E-C8D266A80309}.Debug|Any CPU.Build.0 = Debug|Any CPU
		{C168E1B3-7C36-430A-AD2E-C8D266A80309}.Release|Any CPU.ActiveCfg = Release|Any CPU
		{C168E1B3-7C36-430A-AD2E-C8D266A80309}.Release|Any CPU.Build.0 = Release|Any CPU
		{0BAA657A-9C44-434B-A921-7CA1DB388F1D}.Debug|Any CPU.ActiveCfg = Debug|Any CPU
		{0BAA657A-9C44-434B-A921-7CA1DB388F1D}.Debug|Any CPU.Build.0 = Debug|Any CPU
		{0BAA657A-9C44-434B-A921-7CA1DB388F1D}.Release|Any CPU.ActiveCfg = Release|Any CPU
		{0BAA657A-9C44-434B-A921-7CA1DB388F1D}.Release|Any CPU.Build.0 = Release|Any CPU
		{1ADC4B9A-7B18-4D5C-AD61-95D81E10CEFC}.Debug|Any CPU.ActiveCfg = Debug|Any CPU
		{1ADC4B9A-7B18-4D5C-AD61-95D81E10CEFC}.Debug|Any CPU.Build.0 = Debug|Any CPU
		{1ADC4B9A-7B18-4D5C-AD61-95D81E10CEFC}.Release|Any CPU.ActiveCfg = Release|Any CPU
		{1ADC4B9A-7B18-4D5C-AD61-95D81E10CEFC}.Release|Any CPU.Build.0 = Release|Any CPU
		{DED64CF5-B59F-436E-9751-6B867FD80DBB}.Debug|Any CPU.ActiveCfg = Debug|Any CPU
		{DED64CF5-B59F-436E-9751-6B867FD80DBB}.Debug|Any CPU.Build.0 = Debug|Any CPU
		{DED64CF5-B59F-436E-9751-6B867FD80DBB}.Release|Any CPU.ActiveCfg = Release|Any CPU
		{DED64CF5-B59F-436E-9751-6B867FD80DBB}.Release|Any CPU.Build.0 = Release|Any CPU
		{D2491374-195C-4F6E-90E8-86324E6A208E}.Debug|Any CPU.ActiveCfg = Debug|Any CPU
		{D2491374-195C-4F6E-90E8-86324E6A208E}.Debug|Any CPU.Build.0 = Debug|Any CPU
		{D2491374-195C-4F6E-90E8-86324E6A208E}.Release|Any CPU.ActiveCfg = Release|Any CPU
		{D2491374-195C-4F6E-90E8-86324E6A208E}.Release|Any CPU.Build.0 = Release|Any CPU
		{2187B020-0C74-4695-8E0A-4037C9B94DF9}.Debug|Any CPU.ActiveCfg = Debug|Any CPU
		{2187B020-0C74-4695-8E0A-4037C9B94DF9}.Debug|Any CPU.Build.0 = Debug|Any CPU
		{2187B020-0C74-4695-8E0A-4037C9B94DF9}.Release|Any CPU.ActiveCfg = Release|Any CPU
		{2187B020-0C74-4695-8E0A-4037C9B94DF9}.Release|Any CPU.Build.0 = Release|Any CPU
		{3F063A76-97A0-4DC7-96D9-A8ED44698972}.Debug|Any CPU.ActiveCfg = Debug|Any CPU
		{3F063A76-97A0-4DC7-96D9-A8ED44698972}.Debug|Any CPU.Build.0 = Debug|Any CPU
		{3F063A76-97A0-4DC7-96D9-A8ED44698972}.Release|Any CPU.ActiveCfg = Release|Any CPU
		{3F063A76-97A0-4DC7-96D9-A8ED44698972}.Release|Any CPU.Build.0 = Release|Any CPU
		{4A9354B9-37A3-4281-9B22-1826D113D4D1}.Debug|Any CPU.ActiveCfg = Debug|Any CPU
		{4A9354B9-37A3-4281-9B22-1826D113D4D1}.Debug|Any CPU.Build.0 = Debug|Any CPU
		{4A9354B9-37A3-4281-9B22-1826D113D4D1}.Release|Any CPU.ActiveCfg = Release|Any CPU
		{4A9354B9-37A3-4281-9B22-1826D113D4D1}.Release|Any CPU.Build.0 = Release|Any CPU
		{946CC5A7-411C-46FB-949C-CE9185F4C0AE}.Debug|Any CPU.ActiveCfg = Debug|Any CPU
		{946CC5A7-411C-46FB-949C-CE9185F4C0AE}.Debug|Any CPU.Build.0 = Debug|Any CPU
		{946CC5A7-411C-46FB-949C-CE9185F4C0AE}.Release|Any CPU.ActiveCfg = Release|Any CPU
		{946CC5A7-411C-46FB-949C-CE9185F4C0AE}.Release|Any CPU.Build.0 = Release|Any CPU
		{DDC9F464-6396-4CDE-9B94-92CD4257070B}.Debug|Any CPU.ActiveCfg = Debug|Any CPU
		{DDC9F464-6396-4CDE-9B94-92CD4257070B}.Debug|Any CPU.Build.0 = Debug|Any CPU
		{DDC9F464-6396-4CDE-9B94-92CD4257070B}.Release|Any CPU.ActiveCfg = Release|Any CPU
		{DDC9F464-6396-4CDE-9B94-92CD4257070B}.Release|Any CPU.Build.0 = Release|Any CPU
		{699E10F4-445C-49DF-8121-5CF0889BF01F}.Debug|Any CPU.ActiveCfg = Debug|Any CPU
		{699E10F4-445C-49DF-8121-5CF0889BF01F}.Debug|Any CPU.Build.0 = Debug|Any CPU
		{699E10F4-445C-49DF-8121-5CF0889BF01F}.Release|Any CPU.ActiveCfg = Release|Any CPU
		{699E10F4-445C-49DF-8121-5CF0889BF01F}.Release|Any CPU.Build.0 = Release|Any CPU
		{79298610-3211-435D-9D24-EF4F6E0B9BFD}.Debug|Any CPU.ActiveCfg = Debug|Any CPU
		{79298610-3211-435D-9D24-EF4F6E0B9BFD}.Debug|Any CPU.Build.0 = Debug|Any CPU
		{79298610-3211-435D-9D24-EF4F6E0B9BFD}.Release|Any CPU.ActiveCfg = Release|Any CPU
		{79298610-3211-435D-9D24-EF4F6E0B9BFD}.Release|Any CPU.Build.0 = Release|Any CPU
		{141B074C-491C-401E-B38B-D11797CA9B59}.Debug|Any CPU.ActiveCfg = Debug|Any CPU
		{141B074C-491C-401E-B38B-D11797CA9B59}.Debug|Any CPU.Build.0 = Debug|Any CPU
		{141B074C-491C-401E-B38B-D11797CA9B59}.Release|Any CPU.ActiveCfg = Release|Any CPU
		{141B074C-491C-401E-B38B-D11797CA9B59}.Release|Any CPU.Build.0 = Release|Any CPU
		{0E253626-F23F-4495-902E-46828DA99DC4}.Debug|Any CPU.ActiveCfg = Debug|Any CPU
		{0E253626-F23F-4495-902E-46828DA99DC4}.Debug|Any CPU.Build.0 = Debug|Any CPU
		{0E253626-F23F-4495-902E-46828DA99DC4}.Release|Any CPU.ActiveCfg = Release|Any CPU
		{0E253626-F23F-4495-902E-46828DA99DC4}.Release|Any CPU.Build.0 = Release|Any CPU
		{1B60F7D7-4417-458A-A50F-812E2910062B}.Debug|Any CPU.ActiveCfg = Debug|Any CPU
		{1B60F7D7-4417-458A-A50F-812E2910062B}.Debug|Any CPU.Build.0 = Debug|Any CPU
		{1B60F7D7-4417-458A-A50F-812E2910062B}.Release|Any CPU.ActiveCfg = Release|Any CPU
		{1B60F7D7-4417-458A-A50F-812E2910062B}.Release|Any CPU.Build.0 = Release|Any CPU
		{019A3BCB-753E-4708-AB9F-E57ECB6361D9}.Debug|Any CPU.ActiveCfg = Debug|Any CPU
		{019A3BCB-753E-4708-AB9F-E57ECB6361D9}.Debug|Any CPU.Build.0 = Debug|Any CPU
		{019A3BCB-753E-4708-AB9F-E57ECB6361D9}.Release|Any CPU.ActiveCfg = Release|Any CPU
		{019A3BCB-753E-4708-AB9F-E57ECB6361D9}.Release|Any CPU.Build.0 = Release|Any CPU
		{4F7FAE29-7253-4BE5-9683-48A31D3AE220}.Debug|Any CPU.ActiveCfg = Debug|Any CPU
		{4F7FAE29-7253-4BE5-9683-48A31D3AE220}.Debug|Any CPU.Build.0 = Debug|Any CPU
		{4F7FAE29-7253-4BE5-9683-48A31D3AE220}.Release|Any CPU.ActiveCfg = Release|Any CPU
		{4F7FAE29-7253-4BE5-9683-48A31D3AE220}.Release|Any CPU.Build.0 = Release|Any CPU
		{AB213744-C610-4FFC-A8DC-C7040A4AD5C9}.Debug|Any CPU.ActiveCfg = Debug|Any CPU
		{AB213744-C610-4FFC-A8DC-C7040A4AD5C9}.Debug|Any CPU.Build.0 = Debug|Any CPU
		{AB213744-C610-4FFC-A8DC-C7040A4AD5C9}.Release|Any CPU.ActiveCfg = Release|Any CPU
		{AB213744-C610-4FFC-A8DC-C7040A4AD5C9}.Release|Any CPU.Build.0 = Release|Any CPU
	EndGlobalSection
	GlobalSection(SolutionProperties) = preSolution
		HideSolutionNode = FALSE
	EndGlobalSection
	GlobalSection(ExtensibilityGlobals) = postSolution
		SolutionGuid = {4AF5700A-6DAA-4D18-8B85-57116FFD1D26}
	EndGlobalSection
EndGlobal
