
Microsoft Visual Studio Solution File, Format Version 12.00
# Visual Studio Version 16
VisualStudioVersion = 16.0.30804.86
MinimumVisualStudioVersion = 10.0.40219.1
Project("{9A19103F-16F7-4668-BE54-9A1E7A4F7556}") = "01. Valid Usernames", "01. Valid Usernames\01. Valid Usernames.csproj", "{E56972E8-CADD-4A5B-9683-BCE4325F4E66}"
EndProject
Project("{9A19103F-16F7-4668-BE54-9A1E7A4F7556}") = "02. Character Multiplier", "02. Character Multiplier\02. Character Multiplier.csproj", "{FDE86963-A741-421F-AF0D-6003AD3740A6}"
EndProject
Project("{9A19103F-16F7-4668-BE54-9A1E7A4F7556}") = "03. Extract File", "03. Extract File\03. Extract File.csproj", "{25153171-BDB2-4B42-B983-DF419265900A}"
EndProject
Project("{9A19103F-16F7-4668-BE54-9A1E7A4F7556}") = "04. Caesar Cipher", "04. Caesar Cipher\04. Caesar Cipher.csproj", "{EAC5763A-047C-4B22-A51B-F0A27A09EAE5}"
EndProject
Project("{9A19103F-16F7-4668-BE54-9A1E7A4F7556}") = "05. Multiply Big Number", "05. Multiply Big Number\05. Multiply Big Number.csproj", "{0F8F5393-33A1-4E2C-8BF7-0B9F1B687690}"
EndProject
Project("{9A19103F-16F7-4668-BE54-9A1E7A4F7556}") = "06. Replace Repeating Chars", "06. Replace Repeating Chars\06. Replace Repeating Chars.csproj", "{77E50C06-B872-4C01-A901-7053F16AA80B}"
EndProject
Project("{9A19103F-16F7-4668-BE54-9A1E7A4F7556}") = "07. String Explosion", "07. String Explosion\07. String Explosion.csproj", "{75B6759F-3C85-4AF0-9F25-F430A063C5C2}"
EndProject
Project("{FAE04EC0-301F-11D3-BF4B-00C04F79EFBC}") = "08. Letters Change Numbers", "08. Letters Change Numbers\08. Letters Change Numbers.csproj", "{095FB1F8-C32A-4B64-81F0-BC5FBFF5E1A7}"
EndProject
Global
	GlobalSection(SolutionConfigurationPlatforms) = preSolution
		Debug|Any CPU = Debug|Any CPU
		Release|Any CPU = Release|Any CPU
	EndGlobalSection
	GlobalSection(ProjectConfigurationPlatforms) = postSolution
		{E56972E8-CADD-4A5B-9683-BCE4325F4E66}.Debug|Any CPU.ActiveCfg = Debug|Any CPU
		{E56972E8-CADD-4A5B-9683-BCE4325F4E66}.Debug|Any CPU.Build.0 = Debug|Any CPU
		{E56972E8-CADD-4A5B-9683-BCE4325F4E66}.Release|Any CPU.ActiveCfg = Release|Any CPU
		{E56972E8-CADD-4A5B-9683-BCE4325F4E66}.Release|Any CPU.Build.0 = Release|Any CPU
		{FDE86963-A741-421F-AF0D-6003AD3740A6}.Debug|Any CPU.ActiveCfg = Debug|Any CPU
		{FDE86963-A741-421F-AF0D-6003AD3740A6}.Debug|Any CPU.Build.0 = Debug|Any CPU
		{FDE86963-A741-421F-AF0D-6003AD3740A6}.Release|Any CPU.ActiveCfg = Release|Any CPU
		{FDE86963-A741-421F-AF0D-6003AD3740A6}.Release|Any CPU.Build.0 = Release|Any CPU
		{25153171-BDB2-4B42-B983-DF419265900A}.Debug|Any CPU.ActiveCfg = Debug|Any CPU
		{25153171-BDB2-4B42-B983-DF419265900A}.Debug|Any CPU.Build.0 = Debug|Any CPU
		{25153171-BDB2-4B42-B983-DF419265900A}.Release|Any CPU.ActiveCfg = Release|Any CPU
		{25153171-BDB2-4B42-B983-DF419265900A}.Release|Any CPU.Build.0 = Release|Any CPU
		{EAC5763A-047C-4B22-A51B-F0A27A09EAE5}.Debug|Any CPU.ActiveCfg = Debug|Any CPU
		{EAC5763A-047C-4B22-A51B-F0A27A09EAE5}.Debug|Any CPU.Build.0 = Debug|Any CPU
		{EAC5763A-047C-4B22-A51B-F0A27A09EAE5}.Release|Any CPU.ActiveCfg = Release|Any CPU
		{EAC5763A-047C-4B22-A51B-F0A27A09EAE5}.Release|Any CPU.Build.0 = Release|Any CPU
		{0F8F5393-33A1-4E2C-8BF7-0B9F1B687690}.Debug|Any CPU.ActiveCfg = Debug|Any CPU
		{0F8F5393-33A1-4E2C-8BF7-0B9F1B687690}.Debug|Any CPU.Build.0 = Debug|Any CPU
		{0F8F5393-33A1-4E2C-8BF7-0B9F1B687690}.Release|Any CPU.ActiveCfg = Release|Any CPU
		{0F8F5393-33A1-4E2C-8BF7-0B9F1B687690}.Release|Any CPU.Build.0 = Release|Any CPU
		{77E50C06-B872-4C01-A901-7053F16AA80B}.Debug|Any CPU.ActiveCfg = Debug|Any CPU
		{77E50C06-B872-4C01-A901-7053F16AA80B}.Debug|Any CPU.Build.0 = Debug|Any CPU
		{77E50C06-B872-4C01-A901-7053F16AA80B}.Release|Any CPU.ActiveCfg = Release|Any CPU
		{77E50C06-B872-4C01-A901-7053F16AA80B}.Release|Any CPU.Build.0 = Release|Any CPU
		{75B6759F-3C85-4AF0-9F25-F430A063C5C2}.Debug|Any CPU.ActiveCfg = Debug|Any CPU
		{75B6759F-3C85-4AF0-9F25-F430A063C5C2}.Debug|Any CPU.Build.0 = Debug|Any CPU
		{75B6759F-3C85-4AF0-9F25-F430A063C5C2}.Release|Any CPU.ActiveCfg = Release|Any CPU
		{75B6759F-3C85-4AF0-9F25-F430A063C5C2}.Release|Any CPU.Build.0 = Release|Any CPU
		{095FB1F8-C32A-4B64-81F0-BC5FBFF5E1A7}.Debug|Any CPU.ActiveCfg = Debug|Any CPU
		{095FB1F8-C32A-4B64-81F0-BC5FBFF5E1A7}.Debug|Any CPU.Build.0 = Debug|Any CPU
		{095FB1F8-C32A-4B64-81F0-BC5FBFF5E1A7}.Release|Any CPU.ActiveCfg = Release|Any CPU
		{095FB1F8-C32A-4B64-81F0-BC5FBFF5E1A7}.Release|Any CPU.Build.0 = Release|Any CPU
	EndGlobalSection
	GlobalSection(SolutionProperties) = preSolution
		HideSolutionNode = FALSE
	EndGlobalSection
	GlobalSection(ExtensibilityGlobals) = postSolution
		SolutionGuid = {2032AF09-D609-4144-99F0-6A4C9D6991C3}
	EndGlobalSection
EndGlobal
