
Microsoft Visual Studio Solution File, Format Version 12.00
# Visual Studio Version 16
VisualStudioVersion = 16.0.31613.86
MinimumVisualStudioVersion = 10.0.40219.1
Project("{9A19103F-16F7-4668-BE54-9A1E7A4F7556}") = "GenericBoxOfString", "GenericBoxOfString\GenericBoxOfString.csproj", "{1609EFEF-1E41-4D5F-9E23-5EBAF378663E}"
EndProject
Project("{9A19103F-16F7-4668-BE54-9A1E7A4F7556}") = "GenericBoxOfInteger", "GenericBoxOfInteger\GenericBoxOfInteger.csproj", "{0C5CFF4B-D67A-4F86-8F46-E6A5CB0EC5DD}"
EndProject
Project("{9A19103F-16F7-4668-BE54-9A1E7A4F7556}") = "GenericSwapMethodString", "GenericSwapMethodString\GenericSwapMethodString.csproj", "{219EFCFB-C868-45B7-9A3E-5CFE062E024D}"
EndProject
Project("{9A19103F-16F7-4668-BE54-9A1E7A4F7556}") = "GenericSwapMethodInteger", "GenericSwapMethodInteger\GenericSwapMethodInteger.csproj", "{DDB12E61-AF96-45BC-A046-E41BE8748F20}"
EndProject
Project("{9A19103F-16F7-4668-BE54-9A1E7A4F7556}") = "GenericCountMethodString", "GenericCountMethodString\GenericCountMethodString.csproj", "{88EE7097-4F13-420E-8B91-ECCA118E5E33}"
EndProject
Project("{9A19103F-16F7-4668-BE54-9A1E7A4F7556}") = "GenericCountMethodDouble", "GenericCountMethodDouble\GenericCountMethodDouble.csproj", "{B862797C-AF4F-472A-A9D3-09435FE9FADF}"
EndProject
Project("{9A19103F-16F7-4668-BE54-9A1E7A4F7556}") = "Tuple", "Tuple\Tuple.csproj", "{29E1ED5F-D467-46DE-B211-864C6B7B61EA}"
EndProject
Project("{9A19103F-16F7-4668-BE54-9A1E7A4F7556}") = "Threeuple", "Threeuple\Threeuple.csproj", "{70784AC6-87B3-4BF4-B528-35C835604130}"
EndProject
Project("{9A19103F-16F7-4668-BE54-9A1E7A4F7556}") = "CustomDoublyLinkedList", "CustomLinkedList\CustomDoublyLinkedList.csproj", "{ABF04BFC-2FE5-4BC4-BDA2-DE1B56C8F874}"
EndProject
Global
	GlobalSection(SolutionConfigurationPlatforms) = preSolution
		Debug|Any CPU = Debug|Any CPU
		Release|Any CPU = Release|Any CPU
	EndGlobalSection
	GlobalSection(ProjectConfigurationPlatforms) = postSolution
		{1609EFEF-1E41-4D5F-9E23-5EBAF378663E}.Debug|Any CPU.ActiveCfg = Debug|Any CPU
		{1609EFEF-1E41-4D5F-9E23-5EBAF378663E}.Debug|Any CPU.Build.0 = Debug|Any CPU
		{1609EFEF-1E41-4D5F-9E23-5EBAF378663E}.Release|Any CPU.ActiveCfg = Release|Any CPU
		{1609EFEF-1E41-4D5F-9E23-5EBAF378663E}.Release|Any CPU.Build.0 = Release|Any CPU
		{0C5CFF4B-D67A-4F86-8F46-E6A5CB0EC5DD}.Debug|Any CPU.ActiveCfg = Debug|Any CPU
		{0C5CFF4B-D67A-4F86-8F46-E6A5CB0EC5DD}.Debug|Any CPU.Build.0 = Debug|Any CPU
		{0C5CFF4B-D67A-4F86-8F46-E6A5CB0EC5DD}.Release|Any CPU.ActiveCfg = Release|Any CPU
		{0C5CFF4B-D67A-4F86-8F46-E6A5CB0EC5DD}.Release|Any CPU.Build.0 = Release|Any CPU
		{219EFCFB-C868-45B7-9A3E-5CFE062E024D}.Debug|Any CPU.ActiveCfg = Debug|Any CPU
		{219EFCFB-C868-45B7-9A3E-5CFE062E024D}.Debug|Any CPU.Build.0 = Debug|Any CPU
		{219EFCFB-C868-45B7-9A3E-5CFE062E024D}.Release|Any CPU.ActiveCfg = Release|Any CPU
		{219EFCFB-C868-45B7-9A3E-5CFE062E024D}.Release|Any CPU.Build.0 = Release|Any CPU
		{DDB12E61-AF96-45BC-A046-E41BE8748F20}.Debug|Any CPU.ActiveCfg = Debug|Any CPU
		{DDB12E61-AF96-45BC-A046-E41BE8748F20}.Debug|Any CPU.Build.0 = Debug|Any CPU
		{DDB12E61-AF96-45BC-A046-E41BE8748F20}.Release|Any CPU.ActiveCfg = Release|Any CPU
		{DDB12E61-AF96-45BC-A046-E41BE8748F20}.Release|Any CPU.Build.0 = Release|Any CPU
		{88EE7097-4F13-420E-8B91-ECCA118E5E33}.Debug|Any CPU.ActiveCfg = Debug|Any CPU
		{88EE7097-4F13-420E-8B91-ECCA118E5E33}.Debug|Any CPU.Build.0 = Debug|Any CPU
		{88EE7097-4F13-420E-8B91-ECCA118E5E33}.Release|Any CPU.ActiveCfg = Release|Any CPU
		{88EE7097-4F13-420E-8B91-ECCA118E5E33}.Release|Any CPU.Build.0 = Release|Any CPU
		{B862797C-AF4F-472A-A9D3-09435FE9FADF}.Debug|Any CPU.ActiveCfg = Debug|Any CPU
		{B862797C-AF4F-472A-A9D3-09435FE9FADF}.Debug|Any CPU.Build.0 = Debug|Any CPU
		{B862797C-AF4F-472A-A9D3-09435FE9FADF}.Release|Any CPU.ActiveCfg = Release|Any CPU
		{B862797C-AF4F-472A-A9D3-09435FE9FADF}.Release|Any CPU.Build.0 = Release|Any CPU
		{29E1ED5F-D467-46DE-B211-864C6B7B61EA}.Debug|Any CPU.ActiveCfg = Debug|Any CPU
		{29E1ED5F-D467-46DE-B211-864C6B7B61EA}.Debug|Any CPU.Build.0 = Debug|Any CPU
		{29E1ED5F-D467-46DE-B211-864C6B7B61EA}.Release|Any CPU.ActiveCfg = Release|Any CPU
		{29E1ED5F-D467-46DE-B211-864C6B7B61EA}.Release|Any CPU.Build.0 = Release|Any CPU
		{70784AC6-87B3-4BF4-B528-35C835604130}.Debug|Any CPU.ActiveCfg = Debug|Any CPU
		{70784AC6-87B3-4BF4-B528-35C835604130}.Debug|Any CPU.Build.0 = Debug|Any CPU
		{70784AC6-87B3-4BF4-B528-35C835604130}.Release|Any CPU.ActiveCfg = Release|Any CPU
		{70784AC6-87B3-4BF4-B528-35C835604130}.Release|Any CPU.Build.0 = Release|Any CPU
		{ABF04BFC-2FE5-4BC4-BDA2-DE1B56C8F874}.Debug|Any CPU.ActiveCfg = Debug|Any CPU
		{ABF04BFC-2FE5-4BC4-BDA2-DE1B56C8F874}.Debug|Any CPU.Build.0 = Debug|Any CPU
		{ABF04BFC-2FE5-4BC4-BDA2-DE1B56C8F874}.Release|Any CPU.ActiveCfg = Release|Any CPU
		{ABF04BFC-2FE5-4BC4-BDA2-DE1B56C8F874}.Release|Any CPU.Build.0 = Release|Any CPU
	EndGlobalSection
	GlobalSection(SolutionProperties) = preSolution
		HideSolutionNode = FALSE
	EndGlobalSection
	GlobalSection(ExtensibilityGlobals) = postSolution
		SolutionGuid = {B9215DA2-8B4A-4EC7-91B0-106D37E14FF7}
	EndGlobalSection
EndGlobal
