
Microsoft Visual Studio Solution File, Format Version 12.00
# Visual Studio Version 16
VisualStudioVersion = 16.0.31613.86
MinimumVisualStudioVersion = 10.0.40219.1
Project("{FAE04EC0-301F-11D3-BF4B-00C04F79EFBC}") = "Library", "Library\Library.csproj", "{41FA4691-C425-4B41-8662-0E0763B7016B}"
EndProject
Project("{FAE04EC0-301F-11D3-BF4B-00C04F79EFBC}") = "LibraryIterator", "LibraryIterator\LibraryIterator.csproj", "{077D381E-F780-4429-9F72-CCC2FB93FAD6}"
EndProject
Project("{FAE04EC0-301F-11D3-BF4B-00C04F79EFBC}") = "ComparableBook", "ComparableBook\ComparableBook.csproj", "{E49A5B0F-3807-4229-BBA3-35FBF07C3EFD}"
EndProject
Project("{FAE04EC0-301F-11D3-BF4B-00C04F79EFBC}") = "BookComparer", "BookComparer\BookComparer.csproj", "{DCACCDC5-807A-4943-85F0-3FECA491D477}"
EndProject
Global
	GlobalSection(SolutionConfigurationPlatforms) = preSolution
		Debug|Any CPU = Debug|Any CPU
		Release|Any CPU = Release|Any CPU
	EndGlobalSection
	GlobalSection(ProjectConfigurationPlatforms) = postSolution
		{41FA4691-C425-4B41-8662-0E0763B7016B}.Debug|Any CPU.ActiveCfg = Debug|Any CPU
		{41FA4691-C425-4B41-8662-0E0763B7016B}.Debug|Any CPU.Build.0 = Debug|Any CPU
		{41FA4691-C425-4B41-8662-0E0763B7016B}.Release|Any CPU.ActiveCfg = Release|Any CPU
		{41FA4691-C425-4B41-8662-0E0763B7016B}.Release|Any CPU.Build.0 = Release|Any CPU
		{077D381E-F780-4429-9F72-CCC2FB93FAD6}.Debug|Any CPU.ActiveCfg = Debug|Any CPU
		{077D381E-F780-4429-9F72-CCC2FB93FAD6}.Debug|Any CPU.Build.0 = Debug|Any CPU
		{077D381E-F780-4429-9F72-CCC2FB93FAD6}.Release|Any CPU.ActiveCfg = Release|Any CPU
		{077D381E-F780-4429-9F72-CCC2FB93FAD6}.Release|Any CPU.Build.0 = Release|Any CPU
		{E49A5B0F-3807-4229-BBA3-35FBF07C3EFD}.Debug|Any CPU.ActiveCfg = Debug|Any CPU
		{E49A5B0F-3807-4229-BBA3-35FBF07C3EFD}.Debug|Any CPU.Build.0 = Debug|Any CPU
		{E49A5B0F-3807-4229-BBA3-35FBF07C3EFD}.Release|Any CPU.ActiveCfg = Release|Any CPU
		{E49A5B0F-3807-4229-BBA3-35FBF07C3EFD}.Release|Any CPU.Build.0 = Release|Any CPU
		{DCACCDC5-807A-4943-85F0-3FECA491D477}.Debug|Any CPU.ActiveCfg = Debug|Any CPU
		{DCACCDC5-807A-4943-85F0-3FECA491D477}.Debug|Any CPU.Build.0 = Debug|Any CPU
		{DCACCDC5-807A-4943-85F0-3FECA491D477}.Release|Any CPU.ActiveCfg = Release|Any CPU
		{DCACCDC5-807A-4943-85F0-3FECA491D477}.Release|Any CPU.Build.0 = Release|Any CPU
	EndGlobalSection
	GlobalSection(SolutionProperties) = preSolution
		HideSolutionNode = FALSE
	EndGlobalSection
	GlobalSection(ExtensibilityGlobals) = postSolution
		SolutionGuid = {6D80C482-E8FB-455F-B2B6-3D0CB239FE37}
	EndGlobalSection
EndGlobal
