
Microsoft Visual Studio Solution File, Format Version 12.00
# Visual Studio Version 16
VisualStudioVersion = 16.0.31729.503
MinimumVisualStudioVersion = 10.0.40219.1
Project("{9A19103F-16F7-4668-BE54-9A1E7A4F7556}") = "MultipleImplementation", "MultipleImplementation\MultipleImplementation.csproj", "{67CEF98E-A670-4D75-949F-99FF815CD795}"
EndProject
Project("{9A19103F-16F7-4668-BE54-9A1E7A4F7556}") = "DefineAnInterfaceIPerson", "DefineAnInterfaceIPerson\DefineAnInterfaceIPerson.csproj", "{FBCC8A1D-AF59-44D9-A4C9-538CB6B0AE98}"
EndProject
Project("{9A19103F-16F7-4668-BE54-9A1E7A4F7556}") = "Telephony", "Telephony\Telephony.csproj", "{C7AC780C-7A1F-4D9D-88ED-34FAA02E9D1E}"
EndProject
Project("{9A19103F-16F7-4668-BE54-9A1E7A4F7556}") = "BorderControl", "BorderControl\BorderControl.csproj", "{717210CA-1D67-460A-92A6-FB6377E7E5EA}"
EndProject
Project("{9A19103F-16F7-4668-BE54-9A1E7A4F7556}") = "BirthdayCelebrations", "BirthdayCelebrations\BirthdayCelebrations.csproj", "{FEEBA695-80C2-4168-A69B-2D7959B5DBAA}"
EndProject
Project("{9A19103F-16F7-4668-BE54-9A1E7A4F7556}") = "FoodShortage", "FoodShortage\FoodShortage.csproj", "{4A88CE4E-03CA-41BE-9575-5D4F8334DD3E}"
EndProject
Project("{9A19103F-16F7-4668-BE54-9A1E7A4F7556}") = "MilitaryElite", "MilitaryElite\MilitaryElite.csproj", "{8E44CF64-88D2-45A1-92E3-C5B409AE09E6}"
EndProject
Project("{FAE04EC0-301F-11D3-BF4B-00C04F79EFBC}") = "CollectionHierarchy", "CollectionHierarchy\CollectionHierarchy.csproj", "{E6BE1630-5C76-4B87-BEB7-B07DA69AE31C}"
EndProject
Project("{FAE04EC0-301F-11D3-BF4B-00C04F79EFBC}") = "ExplicitInterfaces", "ExplicitInterfaces\ExplicitInterfaces.csproj", "{6C7EC8E6-9BE6-4240-85F1-F8E249170909}"
EndProject
Global
	GlobalSection(SolutionConfigurationPlatforms) = preSolution
		Debug|Any CPU = Debug|Any CPU
		Release|Any CPU = Release|Any CPU
	EndGlobalSection
	GlobalSection(ProjectConfigurationPlatforms) = postSolution
		{67CEF98E-A670-4D75-949F-99FF815CD795}.Debug|Any CPU.ActiveCfg = Debug|Any CPU
		{67CEF98E-A670-4D75-949F-99FF815CD795}.Debug|Any CPU.Build.0 = Debug|Any CPU
		{67CEF98E-A670-4D75-949F-99FF815CD795}.Release|Any CPU.ActiveCfg = Release|Any CPU
		{67CEF98E-A670-4D75-949F-99FF815CD795}.Release|Any CPU.Build.0 = Release|Any CPU
		{FBCC8A1D-AF59-44D9-A4C9-538CB6B0AE98}.Debug|Any CPU.ActiveCfg = Debug|Any CPU
		{FBCC8A1D-AF59-44D9-A4C9-538CB6B0AE98}.Debug|Any CPU.Build.0 = Debug|Any CPU
		{FBCC8A1D-AF59-44D9-A4C9-538CB6B0AE98}.Release|Any CPU.ActiveCfg = Release|Any CPU
		{FBCC8A1D-AF59-44D9-A4C9-538CB6B0AE98}.Release|Any CPU.Build.0 = Release|Any CPU
		{C7AC780C-7A1F-4D9D-88ED-34FAA02E9D1E}.Debug|Any CPU.ActiveCfg = Debug|Any CPU
		{C7AC780C-7A1F-4D9D-88ED-34FAA02E9D1E}.Debug|Any CPU.Build.0 = Debug|Any CPU
		{C7AC780C-7A1F-4D9D-88ED-34FAA02E9D1E}.Release|Any CPU.ActiveCfg = Release|Any CPU
		{C7AC780C-7A1F-4D9D-88ED-34FAA02E9D1E}.Release|Any CPU.Build.0 = Release|Any CPU
		{717210CA-1D67-460A-92A6-FB6377E7E5EA}.Debug|Any CPU.ActiveCfg = Debug|Any CPU
		{717210CA-1D67-460A-92A6-FB6377E7E5EA}.Debug|Any CPU.Build.0 = Debug|Any CPU
		{717210CA-1D67-460A-92A6-FB6377E7E5EA}.Release|Any CPU.ActiveCfg = Release|Any CPU
		{717210CA-1D67-460A-92A6-FB6377E7E5EA}.Release|Any CPU.Build.0 = Release|Any CPU
		{FEEBA695-80C2-4168-A69B-2D7959B5DBAA}.Debug|Any CPU.ActiveCfg = Debug|Any CPU
		{FEEBA695-80C2-4168-A69B-2D7959B5DBAA}.Debug|Any CPU.Build.0 = Debug|Any CPU
		{FEEBA695-80C2-4168-A69B-2D7959B5DBAA}.Release|Any CPU.ActiveCfg = Release|Any CPU
		{FEEBA695-80C2-4168-A69B-2D7959B5DBAA}.Release|Any CPU.Build.0 = Release|Any CPU
		{4A88CE4E-03CA-41BE-9575-5D4F8334DD3E}.Debug|Any CPU.ActiveCfg = Debug|Any CPU
		{4A88CE4E-03CA-41BE-9575-5D4F8334DD3E}.Debug|Any CPU.Build.0 = Debug|Any CPU
		{4A88CE4E-03CA-41BE-9575-5D4F8334DD3E}.Release|Any CPU.ActiveCfg = Release|Any CPU
		{4A88CE4E-03CA-41BE-9575-5D4F8334DD3E}.Release|Any CPU.Build.0 = Release|Any CPU
		{8E44CF64-88D2-45A1-92E3-C5B409AE09E6}.Debug|Any CPU.ActiveCfg = Debug|Any CPU
		{8E44CF64-88D2-45A1-92E3-C5B409AE09E6}.Debug|Any CPU.Build.0 = Debug|Any CPU
		{8E44CF64-88D2-45A1-92E3-C5B409AE09E6}.Release|Any CPU.ActiveCfg = Release|Any CPU
		{8E44CF64-88D2-45A1-92E3-C5B409AE09E6}.Release|Any CPU.Build.0 = Release|Any CPU
		{E6BE1630-5C76-4B87-BEB7-B07DA69AE31C}.Debug|Any CPU.ActiveCfg = Debug|Any CPU
		{E6BE1630-5C76-4B87-BEB7-B07DA69AE31C}.Debug|Any CPU.Build.0 = Debug|Any CPU
		{E6BE1630-5C76-4B87-BEB7-B07DA69AE31C}.Release|Any CPU.ActiveCfg = Release|Any CPU
		{E6BE1630-5C76-4B87-BEB7-B07DA69AE31C}.Release|Any CPU.Build.0 = Release|Any CPU
		{6C7EC8E6-9BE6-4240-85F1-F8E249170909}.Debug|Any CPU.ActiveCfg = Debug|Any CPU
		{6C7EC8E6-9BE6-4240-85F1-F8E249170909}.Debug|Any CPU.Build.0 = Debug|Any CPU
		{6C7EC8E6-9BE6-4240-85F1-F8E249170909}.Release|Any CPU.ActiveCfg = Release|Any CPU
		{6C7EC8E6-9BE6-4240-85F1-F8E249170909}.Release|Any CPU.Build.0 = Release|Any CPU
	EndGlobalSection
	GlobalSection(SolutionProperties) = preSolution
		HideSolutionNode = FALSE
	EndGlobalSection
	GlobalSection(ExtensibilityGlobals) = postSolution
		SolutionGuid = {B6D85088-7E1B-45EC-924F-7D40CA90D002}
	EndGlobalSection
EndGlobal
