
Microsoft Visual Studio Solution File, Format Version 12.00
# Visual Studio Version 16
VisualStudioVersion = 16.0.31729.503
MinimumVisualStudioVersion = 10.0.40219.1
Project("{FAE04EC0-301F-11D3-BF4B-00C04F79EFBC}") = "01.FoodFinder", "propblem1\01.FoodFinder.csproj", "{6450FE53-F32D-4418-9A49-20D58BF7C1A3}"
EndProject
Project("{FAE04EC0-301F-11D3-BF4B-00C04F79EFBC}") = "02.PawnWars", "problem2\02.PawnWars.csproj", "{127BC109-C8D2-4A31-BB4C-0BD4E22679D4}"
EndProject
Global
	GlobalSection(SolutionConfigurationPlatforms) = preSolution
		Debug|Any CPU = Debug|Any CPU
		Release|Any CPU = Release|Any CPU
	EndGlobalSection
	GlobalSection(ProjectConfigurationPlatforms) = postSolution
		{6450FE53-F32D-4418-9A49-20D58BF7C1A3}.Debug|Any CPU.ActiveCfg = Debug|Any CPU
		{6450FE53-F32D-4418-9A49-20D58BF7C1A3}.Debug|Any CPU.Build.0 = Debug|Any CPU
		{6450FE53-F32D-4418-9A49-20D58BF7C1A3}.Release|Any CPU.ActiveCfg = Release|Any CPU
		{6450FE53-F32D-4418-9A49-20D58BF7C1A3}.Release|Any CPU.Build.0 = Release|Any CPU
		{127BC109-C8D2-4A31-BB4C-0BD4E22679D4}.Debug|Any CPU.ActiveCfg = Debug|Any CPU
		{127BC109-C8D2-4A31-BB4C-0BD4E22679D4}.Debug|Any CPU.Build.0 = Debug|Any CPU
		{127BC109-C8D2-4A31-BB4C-0BD4E22679D4}.Release|Any CPU.ActiveCfg = Release|Any CPU
		{127BC109-C8D2-4A31-BB4C-0BD4E22679D4}.Release|Any CPU.Build.0 = Release|Any CPU
	EndGlobalSection
	GlobalSection(SolutionProperties) = preSolution
		HideSolutionNode = FALSE
	EndGlobalSection
	GlobalSection(ExtensibilityGlobals) = postSolution
		SolutionGuid = {168A58BC-AEA3-49AC-B896-347F27ED335B}
	EndGlobalSection
EndGlobal
