
Microsoft Visual Studio Solution File, Format Version 12.00
# Visual Studio Version 16
VisualStudioVersion = 16.0.31613.86
MinimumVisualStudioVersion = 10.0.40219.1
Project("{9A19103F-16F7-4668-BE54-9A1E7A4F7556}") = "CustomDoublyLinkedList", "Workshop\CustomDoublyLinkedList.csproj", "{988F08C8-D827-47E6-B4ED-C7CF32FECD42}"
EndProject
Global
	GlobalSection(SolutionConfigurationPlatforms) = preSolution
		Debug|Any CPU = Debug|Any CPU
		Release|Any CPU = Release|Any CPU
	EndGlobalSection
	GlobalSection(ProjectConfigurationPlatforms) = postSolution
		{988F08C8-D827-47E6-B4ED-C7CF32FECD42}.Debug|Any CPU.ActiveCfg = Debug|Any CPU
		{988F08C8-D827-47E6-B4ED-C7CF32FECD42}.Debug|Any CPU.Build.0 = Debug|Any CPU
		{988F08C8-D827-47E6-B4ED-C7CF32FECD42}.Release|Any CPU.ActiveCfg = Release|Any CPU
		{988F08C8-D827-47E6-B4ED-C7CF32FECD42}.Release|Any CPU.Build.0 = Release|Any CPU
	EndGlobalSection
	GlobalSection(SolutionProperties) = preSolution
		HideSolutionNode = FALSE
	EndGlobalSection
	GlobalSection(ExtensibilityGlobals) = postSolution
		SolutionGuid = {55F63350-40A8-4E89-B581-212C67927D99}
	EndGlobalSection
EndGlobal
