
Microsoft Visual Studio Solution File, Format Version 12.00
# Visual Studio Version 17
VisualStudioVersion = 17.2.32616.157
MinimumVisualStudioVersion = 10.0.40219.1
Project("{FAE04EC0-301F-11D3-BF4B-00C04F79EFBC}") = "P01_StudentSystem", "P01_StudentSystem\P01_StudentSystem.csproj", "{276B90C9-E0FD-4E48-9BD0-2AD0601CF255}"
EndProject
Project("{FAE04EC0-301F-11D3-BF4B-00C04F79EFBC}") = "P01_StudentSystem.Data", "P01_StudentSystem.Data\P01_StudentSystem.Data.csproj", "{35BEB7B4-7DC5-4EA3-9D05-7C1DCE51CF8B}"
EndProject
Project("{FAE04EC0-301F-11D3-BF4B-00C04F79EFBC}") = "P01_StudentSystem.Data.Models", "P01_StudentSystem.Data.Models\P01_StudentSystem.Data.Models.csproj", "{9F1F1EBF-BC96-4246-B707-E8ED6ED264C8}"
EndProject
Project("{FAE04EC0-301F-11D3-BF4B-00C04F79EFBC}") = "P01_StudentSystem.Data.Common", "P01_StudentSystem.Data.Common\P01_StudentSystem.Data.Common.csproj", "{15E8E65D-80F4-4AB2-A472-CB10F82DF958}"
EndProject
Global
	GlobalSection(SolutionConfigurationPlatforms) = preSolution
		Debug|Any CPU = Debug|Any CPU
		Debug|ARM = Debug|ARM
		Debug|ARM64 = Debug|ARM64
		Debug|x64 = Debug|x64
		Debug|x86 = Debug|x86
		Release|Any CPU = Release|Any CPU
		Release|ARM = Release|ARM
		Release|ARM64 = Release|ARM64
		Release|x64 = Release|x64
		Release|x86 = Release|x86
	EndGlobalSection
	GlobalSection(ProjectConfigurationPlatforms) = postSolution
		{276B90C9-E0FD-4E48-9BD0-2AD0601CF255}.Debug|Any CPU.ActiveCfg = Debug|Any CPU
		{276B90C9-E0FD-4E48-9BD0-2AD0601CF255}.Debug|Any CPU.Build.0 = Debug|Any CPU
		{276B90C9-E0FD-4E48-9BD0-2AD0601CF255}.Debug|ARM.ActiveCfg = Debug|Any CPU
		{276B90C9-E0FD-4E48-9BD0-2AD0601CF255}.Debug|ARM.Build.0 = Debug|Any CPU
		{276B90C9-E0FD-4E48-9BD0-2AD0601CF255}.Debug|ARM64.ActiveCfg = Debug|Any CPU
		{276B90C9-E0FD-4E48-9BD0-2AD0601CF255}.Debug|ARM64.Build.0 = Debug|Any CPU
		{276B90C9-E0FD-4E48-9BD0-2AD0601CF255}.Debug|x64.ActiveCfg = Debug|Any CPU
		{276B90C9-E0FD-4E48-9BD0-2AD0601CF255}.Debug|x64.Build.0 = Debug|Any CPU
		{276B90C9-E0FD-4E48-9BD0-2AD0601CF255}.Debug|x86.ActiveCfg = Debug|Any CPU
		{276B90C9-E0FD-4E48-9BD0-2AD0601CF255}.Debug|x86.Build.0 = Debug|Any CPU
		{276B90C9-E0FD-4E48-9BD0-2AD0601CF255}.Release|Any CPU.ActiveCfg = Release|Any CPU
		{276B90C9-E0FD-4E48-9BD0-2AD0601CF255}.Release|Any CPU.Build.0 = Release|Any CPU
		{276B90C9-E0FD-4E48-9BD0-2AD0601CF255}.Release|ARM.ActiveCfg = Release|Any CPU
		{276B90C9-E0FD-4E48-9BD0-2AD0601CF255}.Release|ARM.Build.0 = Release|Any CPU
		{276B90C9-E0FD-4E48-9BD0-2AD0601CF255}.Release|ARM64.ActiveCfg = Release|Any CPU
		{276B90C9-E0FD-4E48-9BD0-2AD0601CF255}.Release|ARM64.Build.0 = Release|Any CPU
		{276B90C9-E0FD-4E48-9BD0-2AD0601CF255}.Release|x64.ActiveCfg = Release|Any CPU
		{276B90C9-E0FD-4E48-9BD0-2AD0601CF255}.Release|x64.Build.0 = Release|Any CPU
		{276B90C9-E0FD-4E48-9BD0-2AD0601CF255}.Release|x86.ActiveCfg = Release|Any CPU
		{276B90C9-E0FD-4E48-9BD0-2AD0601CF255}.Release|x86.Build.0 = Release|Any CPU
		{35BEB7B4-7DC5-4EA3-9D05-7C1DCE51CF8B}.Debug|Any CPU.ActiveCfg = Debug|Any CPU
		{35BEB7B4-7DC5-4EA3-9D05-7C1DCE51CF8B}.Debug|Any CPU.Build.0 = Debug|Any CPU
		{35BEB7B4-7DC5-4EA3-9D05-7C1DCE51CF8B}.Debug|ARM.ActiveCfg = Debug|Any CPU
		{35BEB7B4-7DC5-4EA3-9D05-7C1DCE51CF8B}.Debug|ARM.Build.0 = Debug|Any CPU
		{35BEB7B4-7DC5-4EA3-9D05-7C1DCE51CF8B}.Debug|ARM64.ActiveCfg = Debug|Any CPU
		{35BEB7B4-7DC5-4EA3-9D05-7C1DCE51CF8B}.Debug|ARM64.Build.0 = Debug|Any CPU
		{35BEB7B4-7DC5-4EA3-9D05-7C1DCE51CF8B}.Debug|x64.ActiveCfg = Debug|Any CPU
		{35BEB7B4-7DC5-4EA3-9D05-7C1DCE51CF8B}.Debug|x64.Build.0 = Debug|Any CPU
		{35BEB7B4-7DC5-4EA3-9D05-7C1DCE51CF8B}.Debug|x86.ActiveCfg = Debug|Any CPU
		{35BEB7B4-7DC5-4EA3-9D05-7C1DCE51CF8B}.Debug|x86.Build.0 = Debug|Any CPU
		{35BEB7B4-7DC5-4EA3-9D05-7C1DCE51CF8B}.Release|Any CPU.ActiveCfg = Release|Any CPU
		{35BEB7B4-7DC5-4EA3-9D05-7C1DCE51CF8B}.Release|Any CPU.Build.0 = Release|Any CPU
		{35BEB7B4-7DC5-4EA3-9D05-7C1DCE51CF8B}.Release|ARM.ActiveCfg = Release|Any CPU
		{35BEB7B4-7DC5-4EA3-9D05-7C1DCE51CF8B}.Release|ARM.Build.0 = Release|Any CPU
		{35BEB7B4-7DC5-4EA3-9D05-7C1DCE51CF8B}.Release|ARM64.ActiveCfg = Release|Any CPU
		{35BEB7B4-7DC5-4EA3-9D05-7C1DCE51CF8B}.Release|ARM64.Build.0 = Release|Any CPU
		{35BEB7B4-7DC5-4EA3-9D05-7C1DCE51CF8B}.Release|x64.ActiveCfg = Release|Any CPU
		{35BEB7B4-7DC5-4EA3-9D05-7C1DCE51CF8B}.Release|x64.Build.0 = Release|Any CPU
		{35BEB7B4-7DC5-4EA3-9D05-7C1DCE51CF8B}.Release|x86.ActiveCfg = Release|Any CPU
		{35BEB7B4-7DC5-4EA3-9D05-7C1DCE51CF8B}.Release|x86.Build.0 = Release|Any CPU
		{9F1F1EBF-BC96-4246-B707-E8ED6ED264C8}.Debug|Any CPU.ActiveCfg = Debug|Any CPU
		{9F1F1EBF-BC96-4246-B707-E8ED6ED264C8}.Debug|Any CPU.Build.0 = Debug|Any CPU
		{9F1F1EBF-BC96-4246-B707-E8ED6ED264C8}.Debug|ARM.ActiveCfg = Debug|Any CPU
		{9F1F1EBF-BC96-4246-B707-E8ED6ED264C8}.Debug|ARM.Build.0 = Debug|Any CPU
		{9F1F1EBF-BC96-4246-B707-E8ED6ED264C8}.Debug|ARM64.ActiveCfg = Debug|Any CPU
		{9F1F1EBF-BC96-4246-B707-E8ED6ED264C8}.Debug|ARM64.Build.0 = Debug|Any CPU
		{9F1F1EBF-BC96-4246-B707-E8ED6ED264C8}.Debug|x64.ActiveCfg = Debug|Any CPU
		{9F1F1EBF-BC96-4246-B707-E8ED6ED264C8}.Debug|x64.Build.0 = Debug|Any CPU
		{9F1F1EBF-BC96-4246-B707-E8ED6ED264C8}.Debug|x86.ActiveCfg = Debug|Any CPU
		{9F1F1EBF-BC96-4246-B707-E8ED6ED264C8}.Debug|x86.Build.0 = Debug|Any CPU
		{9F1F1EBF-BC96-4246-B707-E8ED6ED264C8}.Release|Any CPU.ActiveCfg = Release|Any CPU
		{9F1F1EBF-BC96-4246-B707-E8ED6ED264C8}.Release|Any CPU.Build.0 = Release|Any CPU
		{9F1F1EBF-BC96-4246-B707-E8ED6ED264C8}.Release|ARM.ActiveCfg = Release|Any CPU
		{9F1F1EBF-BC96-4246-B707-E8ED6ED264C8}.Release|ARM.Build.0 = Release|Any CPU
		{9F1F1EBF-BC96-4246-B707-E8ED6ED264C8}.Release|ARM64.ActiveCfg = Release|Any CPU
		{9F1F1EBF-BC96-4246-B707-E8ED6ED264C8}.Release|ARM64.Build.0 = Release|Any CPU
		{9F1F1EBF-BC96-4246-B707-E8ED6ED264C8}.Release|x64.ActiveCfg = Release|Any CPU
		{9F1F1EBF-BC96-4246-B707-E8ED6ED264C8}.Release|x64.Build.0 = Release|Any CPU
		{9F1F1EBF-BC96-4246-B707-E8ED6ED264C8}.Release|x86.ActiveCfg = Release|Any CPU
		{9F1F1EBF-BC96-4246-B707-E8ED6ED264C8}.Release|x86.Build.0 = Release|Any CPU
		{15E8E65D-80F4-4AB2-A472-CB10F82DF958}.Debug|Any CPU.ActiveCfg = Debug|Any CPU
		{15E8E65D-80F4-4AB2-A472-CB10F82DF958}.Debug|Any CPU.Build.0 = Debug|Any CPU
		{15E8E65D-80F4-4AB2-A472-CB10F82DF958}.Debug|ARM.ActiveCfg = Debug|Any CPU
		{15E8E65D-80F4-4AB2-A472-CB10F82DF958}.Debug|ARM.Build.0 = Debug|Any CPU
		{15E8E65D-80F4-4AB2-A472-CB10F82DF958}.Debug|ARM64.ActiveCfg = Debug|Any CPU
		{15E8E65D-80F4-4AB2-A472-CB10F82DF958}.Debug|ARM64.Build.0 = Debug|Any CPU
		{15E8E65D-80F4-4AB2-A472-CB10F82DF958}.Debug|x64.ActiveCfg = Debug|Any CPU
		{15E8E65D-80F4-4AB2-A472-CB10F82DF958}.Debug|x64.Build.0 = Debug|Any CPU
		{15E8E65D-80F4-4AB2-A472-CB10F82DF958}.Debug|x86.ActiveCfg = Debug|Any CPU
		{15E8E65D-80F4-4AB2-A472-CB10F82DF958}.Debug|x86.Build.0 = Debug|Any CPU
		{15E8E65D-80F4-4AB2-A472-CB10F82DF958}.Release|Any CPU.ActiveCfg = Release|Any CPU
		{15E8E65D-80F4-4AB2-A472-CB10F82DF958}.Release|Any CPU.Build.0 = Release|Any CPU
		{15E8E65D-80F4-4AB2-A472-CB10F82DF958}.Release|ARM.ActiveCfg = Release|Any CPU
		{15E8E65D-80F4-4AB2-A472-CB10F82DF958}.Release|ARM.Build.0 = Release|Any CPU
		{15E8E65D-80F4-4AB2-A472-CB10F82DF958}.Release|ARM64.ActiveCfg = Release|Any CPU
		{15E8E65D-80F4-4AB2-A472-CB10F82DF958}.Release|ARM64.Build.0 = Release|Any CPU
		{15E8E65D-80F4-4AB2-A472-CB10F82DF958}.Release|x64.ActiveCfg = Release|Any CPU
		{15E8E65D-80F4-4AB2-A472-CB10F82DF958}.Release|x64.Build.0 = Release|Any CPU
		{15E8E65D-80F4-4AB2-A472-CB10F82DF958}.Release|x86.ActiveCfg = Release|Any CPU
		{15E8E65D-80F4-4AB2-A472-CB10F82DF958}.Release|x86.Build.0 = Release|Any CPU
	EndGlobalSection
	GlobalSection(SolutionProperties) = preSolution
		HideSolutionNode = FALSE
	EndGlobalSection
	GlobalSection(ExtensibilityGlobals) = postSolution
		SolutionGuid = {44501AC3-BF0E-4F30-BAD5-F23B35131692}
	EndGlobalSection
EndGlobal
